
Microsoft Visual Studio Solution File, Format Version 12.00
# Visual Studio 14
VisualStudioVersion = 14.0.25420.1
MinimumVisualStudioVersion = 10.0.40219.1
Project("{2150E333-8FDC-42A3-9474-1A3956D46DE8}") = "Engine", "Engine", "{040FDF84-471E-445C-97AC-5E2F8E66FC03}"
EndProject
Project("{2150E333-8FDC-42A3-9474-1A3956D46DE8}") = "Games", "Games", "{4D1A5B66-356B-42D3-8ED7-41AF9DA48E86}"
EndProject
Project("{8BC9CEB8-8B4A-11D0-8D11-00A0C91BC942}") = "UE4", "Intermediate\ProjectFiles\UE4.vcxproj", "{0E5C9074-F3A7-4D7C-B34B-BA98E07FFB59}"
EndProject
Project("{8BC9CEB8-8B4A-11D0-8D11-00A0C91BC942}") = "Dungeons", "Intermediate\ProjectFiles\Dungeons.vcxproj", "{A00EEE27-1CE8-4153-843C-90FADEADB909}"
EndProject
Project("{2150E333-8FDC-42A3-9474-1A3956D46DE8}") = "Dependencies", "Dependencies", "{0B323EC5-CCBB-4035-9E7F-35A931CA6337}"
EndProject
Project("{8BC9CEB8-8B4A-11D0-8D11-00A0C91BC942}") = "Core", "Project\vs2015\Core\Core.vcxproj", "{753921F6-A0D4-4E07-AC44-14384CE0EFEE}"
EndProject
Project("{8BC9CEB8-8B4A-11D0-8D11-00A0C91BC942}") = "json", "Project\vs2015\json\json.vcxproj", "{3C44D33F-A378-4C64-B664-978F30AB2944}"
EndProject
Project("{8BC9CEB8-8B4A-11D0-8D11-00A0C91BC942}") = "LevelDB", "Project\vs2015\LevelDB\LevelDB.vcxproj", "{9D5F5C7D-01FF-41ED-9EAC-57CE4DBD5781}"
EndProject
Project("{8BC9CEB8-8B4A-11D0-8D11-00A0C91BC942}") = "Raknet", "Project\vs2015\Raknet\Raknet.vcxproj", "{0999D968-5FA8-4A42-9743-CCE32A99BCE7}"
EndProject
Project("{8BC9CEB8-8B4A-11D0-8D11-00A0C91BC942}") = "Zlib", "Project\vs2015\Zlib\Zlib.vcxproj", "{6D47087C-E2D5-4CCB-983D-2D7D5775F2AE}"
EndProject
Global
	GlobalSection(SolutionConfigurationPlatforms) = preSolution
		Debug|HTML5 = Debug|HTML5
		Debug|Win32 = Debug|Win32
		Debug|Win64 = Debug|Win64
		Debug|x64 = Debug|x64
		DebugGame Editor|HTML5 = DebugGame Editor|HTML5
		DebugGame Editor|Win32 = DebugGame Editor|Win32
		DebugGame Editor|Win64 = DebugGame Editor|Win64
		DebugGame Editor|x64 = DebugGame Editor|x64
		DebugGame|HTML5 = DebugGame|HTML5
		DebugGame|Win32 = DebugGame|Win32
		DebugGame|Win64 = DebugGame|Win64
		DebugGame|x64 = DebugGame|x64
		Development Editor|HTML5 = Development Editor|HTML5
		Development Editor|Win32 = Development Editor|Win32
		Development Editor|Win64 = Development Editor|Win64
		Development Editor|x64 = Development Editor|x64
		Development|HTML5 = Development|HTML5
		Development|Win32 = Development|Win32
		Development|Win64 = Development|Win64
		Development|x64 = Development|x64
		Release|HTML5 = Release|HTML5
		Release|Win32 = Release|Win32
		Release|Win64 = Release|Win64
		Release|x64 = Release|x64
		Shipping|HTML5 = Shipping|HTML5
		Shipping|Win32 = Shipping|Win32
		Shipping|Win64 = Shipping|Win64
		Shipping|x64 = Shipping|x64
	EndGlobalSection
	GlobalSection(ProjectConfigurationPlatforms) = postSolution
		{0E5C9074-F3A7-4D7C-B34B-BA98E07FFB59}.Debug|HTML5.ActiveCfg = BuiltWithUnrealBuildTool|Win32
		{0E5C9074-F3A7-4D7C-B34B-BA98E07FFB59}.Debug|HTML5.Build.0 = BuiltWithUnrealBuildTool|Win32
		{0E5C9074-F3A7-4D7C-B34B-BA98E07FFB59}.Debug|Win32.ActiveCfg = BuiltWithUnrealBuildTool|Win32
		{0E5C9074-F3A7-4D7C-B34B-BA98E07FFB59}.Debug|Win32.Build.0 = BuiltWithUnrealBuildTool|Win32
		{0E5C9074-F3A7-4D7C-B34B-BA98E07FFB59}.Debug|Win64.ActiveCfg = BuiltWithUnrealBuildTool|Win32
		{0E5C9074-F3A7-4D7C-B34B-BA98E07FFB59}.Debug|Win64.Build.0 = BuiltWithUnrealBuildTool|Win32
		{0E5C9074-F3A7-4D7C-B34B-BA98E07FFB59}.Debug|x64.ActiveCfg = BuiltWithUnrealBuildTool|Win32
		{0E5C9074-F3A7-4D7C-B34B-BA98E07FFB59}.Debug|x64.Build.0 = BuiltWithUnrealBuildTool|Win32
		{0E5C9074-F3A7-4D7C-B34B-BA98E07FFB59}.DebugGame Editor|HTML5.ActiveCfg = BuiltWithUnrealBuildTool|Win32
		{0E5C9074-F3A7-4D7C-B34B-BA98E07FFB59}.DebugGame Editor|HTML5.Build.0 = BuiltWithUnrealBuildTool|Win32
		{0E5C9074-F3A7-4D7C-B34B-BA98E07FFB59}.DebugGame Editor|Win32.ActiveCfg = BuiltWithUnrealBuildTool|Win32
		{0E5C9074-F3A7-4D7C-B34B-BA98E07FFB59}.DebugGame Editor|Win32.Build.0 = BuiltWithUnrealBuildTool|Win32
		{0E5C9074-F3A7-4D7C-B34B-BA98E07FFB59}.DebugGame Editor|Win64.ActiveCfg = BuiltWithUnrealBuildTool|Win32
		{0E5C9074-F3A7-4D7C-B34B-BA98E07FFB59}.DebugGame Editor|Win64.Build.0 = BuiltWithUnrealBuildTool|Win32
		{0E5C9074-F3A7-4D7C-B34B-BA98E07FFB59}.DebugGame Editor|x64.ActiveCfg = BuiltWithUnrealBuildTool|Win32
		{0E5C9074-F3A7-4D7C-B34B-BA98E07FFB59}.DebugGame Editor|x64.Build.0 = BuiltWithUnrealBuildTool|Win32
		{0E5C9074-F3A7-4D7C-B34B-BA98E07FFB59}.DebugGame|HTML5.ActiveCfg = BuiltWithUnrealBuildTool|Win32
		{0E5C9074-F3A7-4D7C-B34B-BA98E07FFB59}.DebugGame|HTML5.Build.0 = BuiltWithUnrealBuildTool|Win32
		{0E5C9074-F3A7-4D7C-B34B-BA98E07FFB59}.DebugGame|Win32.ActiveCfg = BuiltWithUnrealBuildTool|Win32
		{0E5C9074-F3A7-4D7C-B34B-BA98E07FFB59}.DebugGame|Win32.Build.0 = BuiltWithUnrealBuildTool|Win32
		{0E5C9074-F3A7-4D7C-B34B-BA98E07FFB59}.DebugGame|Win64.ActiveCfg = BuiltWithUnrealBuildTool|Win32
		{0E5C9074-F3A7-4D7C-B34B-BA98E07FFB59}.DebugGame|Win64.Build.0 = BuiltWithUnrealBuildTool|Win32
		{0E5C9074-F3A7-4D7C-B34B-BA98E07FFB59}.DebugGame|x64.ActiveCfg = BuiltWithUnrealBuildTool|Win32
		{0E5C9074-F3A7-4D7C-B34B-BA98E07FFB59}.DebugGame|x64.Build.0 = BuiltWithUnrealBuildTool|Win32
		{0E5C9074-F3A7-4D7C-B34B-BA98E07FFB59}.Development Editor|HTML5.ActiveCfg = BuiltWithUnrealBuildTool|Win32
		{0E5C9074-F3A7-4D7C-B34B-BA98E07FFB59}.Development Editor|HTML5.Build.0 = BuiltWithUnrealBuildTool|Win32
		{0E5C9074-F3A7-4D7C-B34B-BA98E07FFB59}.Development Editor|Win32.ActiveCfg = BuiltWithUnrealBuildTool|Win32
		{0E5C9074-F3A7-4D7C-B34B-BA98E07FFB59}.Development Editor|Win32.Build.0 = BuiltWithUnrealBuildTool|Win32
		{0E5C9074-F3A7-4D7C-B34B-BA98E07FFB59}.Development Editor|Win64.ActiveCfg = BuiltWithUnrealBuildTool|Win32
		{0E5C9074-F3A7-4D7C-B34B-BA98E07FFB59}.Development Editor|Win64.Build.0 = BuiltWithUnrealBuildTool|Win32
		{0E5C9074-F3A7-4D7C-B34B-BA98E07FFB59}.Development Editor|x64.ActiveCfg = BuiltWithUnrealBuildTool|Win32
		{0E5C9074-F3A7-4D7C-B34B-BA98E07FFB59}.Development Editor|x64.Build.0 = BuiltWithUnrealBuildTool|Win32
		{0E5C9074-F3A7-4D7C-B34B-BA98E07FFB59}.Development|HTML5.ActiveCfg = BuiltWithUnrealBuildTool|Win32
		{0E5C9074-F3A7-4D7C-B34B-BA98E07FFB59}.Development|HTML5.Build.0 = BuiltWithUnrealBuildTool|Win32
		{0E5C9074-F3A7-4D7C-B34B-BA98E07FFB59}.Development|Win32.ActiveCfg = BuiltWithUnrealBuildTool|Win32
		{0E5C9074-F3A7-4D7C-B34B-BA98E07FFB59}.Development|Win32.Build.0 = BuiltWithUnrealBuildTool|Win32
		{0E5C9074-F3A7-4D7C-B34B-BA98E07FFB59}.Development|Win64.ActiveCfg = BuiltWithUnrealBuildTool|Win32
		{0E5C9074-F3A7-4D7C-B34B-BA98E07FFB59}.Development|Win64.Build.0 = BuiltWithUnrealBuildTool|Win32
		{0E5C9074-F3A7-4D7C-B34B-BA98E07FFB59}.Development|x64.ActiveCfg = BuiltWithUnrealBuildTool|Win32
		{0E5C9074-F3A7-4D7C-B34B-BA98E07FFB59}.Development|x64.Build.0 = BuiltWithUnrealBuildTool|Win32
		{0E5C9074-F3A7-4D7C-B34B-BA98E07FFB59}.Release|HTML5.ActiveCfg = BuiltWithUnrealBuildTool|Win32
		{0E5C9074-F3A7-4D7C-B34B-BA98E07FFB59}.Release|HTML5.Build.0 = BuiltWithUnrealBuildTool|Win32
		{0E5C9074-F3A7-4D7C-B34B-BA98E07FFB59}.Release|Win32.ActiveCfg = BuiltWithUnrealBuildTool|Win32
		{0E5C9074-F3A7-4D7C-B34B-BA98E07FFB59}.Release|Win32.Build.0 = BuiltWithUnrealBuildTool|Win32
		{0E5C9074-F3A7-4D7C-B34B-BA98E07FFB59}.Release|Win64.ActiveCfg = BuiltWithUnrealBuildTool|Win32
		{0E5C9074-F3A7-4D7C-B34B-BA98E07FFB59}.Release|Win64.Build.0 = BuiltWithUnrealBuildTool|Win32
		{0E5C9074-F3A7-4D7C-B34B-BA98E07FFB59}.Release|x64.ActiveCfg = BuiltWithUnrealBuildTool|Win32
		{0E5C9074-F3A7-4D7C-B34B-BA98E07FFB59}.Release|x64.Build.0 = BuiltWithUnrealBuildTool|Win32
		{0E5C9074-F3A7-4D7C-B34B-BA98E07FFB59}.Shipping|HTML5.ActiveCfg = BuiltWithUnrealBuildTool|Win32
		{0E5C9074-F3A7-4D7C-B34B-BA98E07FFB59}.Shipping|HTML5.Build.0 = BuiltWithUnrealBuildTool|Win32
		{0E5C9074-F3A7-4D7C-B34B-BA98E07FFB59}.Shipping|Win32.ActiveCfg = BuiltWithUnrealBuildTool|Win32
		{0E5C9074-F3A7-4D7C-B34B-BA98E07FFB59}.Shipping|Win32.Build.0 = BuiltWithUnrealBuildTool|Win32
		{0E5C9074-F3A7-4D7C-B34B-BA98E07FFB59}.Shipping|Win64.ActiveCfg = BuiltWithUnrealBuildTool|Win32
		{0E5C9074-F3A7-4D7C-B34B-BA98E07FFB59}.Shipping|Win64.Build.0 = BuiltWithUnrealBuildTool|Win32
		{0E5C9074-F3A7-4D7C-B34B-BA98E07FFB59}.Shipping|x64.ActiveCfg = BuiltWithUnrealBuildTool|Win32
		{0E5C9074-F3A7-4D7C-B34B-BA98E07FFB59}.Shipping|x64.Build.0 = BuiltWithUnrealBuildTool|Win32
		{A00EEE27-1CE8-4153-843C-90FADEADB909}.Debug|HTML5.ActiveCfg = HTML5_DebugGame_Game|x64
		{A00EEE27-1CE8-4153-843C-90FADEADB909}.Debug|HTML5.Build.0 = HTML5_DebugGame_Game|x64
		{A00EEE27-1CE8-4153-843C-90FADEADB909}.Debug|Win32.ActiveCfg = DebugGame_Game|Win32
		{A00EEE27-1CE8-4153-843C-90FADEADB909}.Debug|Win32.Build.0 = DebugGame_Game|Win32
		{A00EEE27-1CE8-4153-843C-90FADEADB909}.Debug|Win64.ActiveCfg = HTML5_DebugGame_Game|x64
		{A00EEE27-1CE8-4153-843C-90FADEADB909}.Debug|Win64.Build.0 = HTML5_DebugGame_Game|x64
		{A00EEE27-1CE8-4153-843C-90FADEADB909}.Debug|x64.ActiveCfg = HTML5_DebugGame_Game|x64
		{A00EEE27-1CE8-4153-843C-90FADEADB909}.Debug|x64.Build.0 = HTML5_DebugGame_Game|x64
		{A00EEE27-1CE8-4153-843C-90FADEADB909}.DebugGame Editor|HTML5.ActiveCfg = HTML5_DebugGame_Editor|Win32
		{A00EEE27-1CE8-4153-843C-90FADEADB909}.DebugGame Editor|Win32.ActiveCfg = DebugGame_Editor|Win32
		{A00EEE27-1CE8-4153-843C-90FADEADB909}.DebugGame Editor|Win64.ActiveCfg = DebugGame_Editor|x64
		{A00EEE27-1CE8-4153-843C-90FADEADB909}.DebugGame Editor|Win64.Build.0 = DebugGame_Editor|x64
		{A00EEE27-1CE8-4153-843C-90FADEADB909}.DebugGame Editor|x64.ActiveCfg = DebugGame_Game|x64
		{A00EEE27-1CE8-4153-843C-90FADEADB909}.DebugGame Editor|x64.Build.0 = DebugGame_Game|x64
		{A00EEE27-1CE8-4153-843C-90FADEADB909}.DebugGame|HTML5.ActiveCfg = HTML5_DebugGame_Game|Win32
		{A00EEE27-1CE8-4153-843C-90FADEADB909}.DebugGame|HTML5.Build.0 = HTML5_DebugGame_Game|Win32
		{A00EEE27-1CE8-4153-843C-90FADEADB909}.DebugGame|Win32.ActiveCfg = DebugGame_Game|Win32
		{A00EEE27-1CE8-4153-843C-90FADEADB909}.DebugGame|Win32.Build.0 = DebugGame_Game|Win32
		{A00EEE27-1CE8-4153-843C-90FADEADB909}.DebugGame|Win64.ActiveCfg = DebugGame_Game|x64
		{A00EEE27-1CE8-4153-843C-90FADEADB909}.DebugGame|Win64.Build.0 = DebugGame_Game|x64
		{A00EEE27-1CE8-4153-843C-90FADEADB909}.DebugGame|x64.ActiveCfg = HTML5_DebugGame_Game|x64
		{A00EEE27-1CE8-4153-843C-90FADEADB909}.DebugGame|x64.Build.0 = HTML5_DebugGame_Game|x64
		{A00EEE27-1CE8-4153-843C-90FADEADB909}.Development Editor|HTML5.ActiveCfg = HTML5_Development_Editor|Win32
		{A00EEE27-1CE8-4153-843C-90FADEADB909}.Development Editor|Win32.ActiveCfg = Development_Editor|Win32
		{A00EEE27-1CE8-4153-843C-90FADEADB909}.Development Editor|Win64.ActiveCfg = Development_Editor|x64
		{A00EEE27-1CE8-4153-843C-90FADEADB909}.Development Editor|Win64.Build.0 = Development_Editor|x64
		{A00EEE27-1CE8-4153-843C-90FADEADB909}.Development Editor|x64.ActiveCfg = Development_Game|x64
		{A00EEE27-1CE8-4153-843C-90FADEADB909}.Development Editor|x64.Build.0 = Development_Game|x64
		{A00EEE27-1CE8-4153-843C-90FADEADB909}.Development|HTML5.ActiveCfg = HTML5_Development_Game|Win32
		{A00EEE27-1CE8-4153-843C-90FADEADB909}.Development|HTML5.Build.0 = HTML5_Development_Game|Win32
		{A00EEE27-1CE8-4153-843C-90FADEADB909}.Development|Win32.ActiveCfg = Development_Game|Win32
		{A00EEE27-1CE8-4153-843C-90FADEADB909}.Development|Win32.Build.0 = Development_Game|Win32
		{A00EEE27-1CE8-4153-843C-90FADEADB909}.Development|Win64.ActiveCfg = Development_Game|x64
		{A00EEE27-1CE8-4153-843C-90FADEADB909}.Development|Win64.Build.0 = Development_Game|x64
		{A00EEE27-1CE8-4153-843C-90FADEADB909}.Development|x64.ActiveCfg = HTML5_Development_Editor|x64
		{A00EEE27-1CE8-4153-843C-90FADEADB909}.Development|x64.Build.0 = HTML5_Development_Editor|x64
		{A00EEE27-1CE8-4153-843C-90FADEADB909}.Release|HTML5.ActiveCfg = HTML5_DebugGame_Game|x64
		{A00EEE27-1CE8-4153-843C-90FADEADB909}.Release|HTML5.Build.0 = HTML5_DebugGame_Game|x64
		{A00EEE27-1CE8-4153-843C-90FADEADB909}.Release|Win32.ActiveCfg = Shipping_Game|Win32
		{A00EEE27-1CE8-4153-843C-90FADEADB909}.Release|Win32.Build.0 = Shipping_Game|Win32
		{A00EEE27-1CE8-4153-843C-90FADEADB909}.Release|Win64.ActiveCfg = HTML5_DebugGame_Game|x64
		{A00EEE27-1CE8-4153-843C-90FADEADB909}.Release|Win64.Build.0 = HTML5_DebugGame_Game|x64
		{A00EEE27-1CE8-4153-843C-90FADEADB909}.Release|x64.ActiveCfg = HTML5_DebugGame_Game|x64
		{A00EEE27-1CE8-4153-843C-90FADEADB909}.Release|x64.Build.0 = HTML5_DebugGame_Game|x64
		{A00EEE27-1CE8-4153-843C-90FADEADB909}.Shipping|HTML5.ActiveCfg = HTML5_Shipping_Game|Win32
		{A00EEE27-1CE8-4153-843C-90FADEADB909}.Shipping|HTML5.Build.0 = HTML5_Shipping_Game|Win32
		{A00EEE27-1CE8-4153-843C-90FADEADB909}.Shipping|Win32.ActiveCfg = Shipping_Game|Win32
		{A00EEE27-1CE8-4153-843C-90FADEADB909}.Shipping|Win32.Build.0 = Shipping_Game|Win32
		{A00EEE27-1CE8-4153-843C-90FADEADB909}.Shipping|Win64.ActiveCfg = Shipping_Game|x64
		{A00EEE27-1CE8-4153-843C-90FADEADB909}.Shipping|Win64.Build.0 = Shipping_Game|x64
		{A00EEE27-1CE8-4153-843C-90FADEADB909}.Shipping|x64.ActiveCfg = HTML5_Shipping_Game|x64
		{A00EEE27-1CE8-4153-843C-90FADEADB909}.Shipping|x64.Build.0 = HTML5_Shipping_Game|x64
		{753921F6-A0D4-4E07-AC44-14384CE0EFEE}.Debug|HTML5.ActiveCfg = Debug|Win32
		{753921F6-A0D4-4E07-AC44-14384CE0EFEE}.Debug|Win32.ActiveCfg = Debug|Win32
		{753921F6-A0D4-4E07-AC44-14384CE0EFEE}.Debug|Win32.Build.0 = Debug|Win32
		{753921F6-A0D4-4E07-AC44-14384CE0EFEE}.Debug|Win64.ActiveCfg = Debug|Win32
		{753921F6-A0D4-4E07-AC44-14384CE0EFEE}.Debug|x64.ActiveCfg = Debug|x64
		{753921F6-A0D4-4E07-AC44-14384CE0EFEE}.Debug|x64.Build.0 = Debug|x64
		{753921F6-A0D4-4E07-AC44-14384CE0EFEE}.DebugGame Editor|HTML5.ActiveCfg = Release|x64
		{753921F6-A0D4-4E07-AC44-14384CE0EFEE}.DebugGame Editor|HTML5.Build.0 = Release|x64
		{753921F6-A0D4-4E07-AC44-14384CE0EFEE}.DebugGame Editor|Win32.ActiveCfg = Debug|Win32
		{753921F6-A0D4-4E07-AC44-14384CE0EFEE}.DebugGame Editor|Win32.Build.0 = Debug|Win32
		{753921F6-A0D4-4E07-AC44-14384CE0EFEE}.DebugGame Editor|Win64.ActiveCfg = Release|x64
		{753921F6-A0D4-4E07-AC44-14384CE0EFEE}.DebugGame Editor|Win64.Build.0 = Release|x64
		{753921F6-A0D4-4E07-AC44-14384CE0EFEE}.DebugGame Editor|x64.ActiveCfg = Debug|x64
		{753921F6-A0D4-4E07-AC44-14384CE0EFEE}.DebugGame Editor|x64.Build.0 = Debug|x64
		{753921F6-A0D4-4E07-AC44-14384CE0EFEE}.DebugGame|HTML5.ActiveCfg = Release|x64
		{753921F6-A0D4-4E07-AC44-14384CE0EFEE}.DebugGame|HTML5.Build.0 = Release|x64
		{753921F6-A0D4-4E07-AC44-14384CE0EFEE}.DebugGame|Win32.ActiveCfg = Debug|Win32
		{753921F6-A0D4-4E07-AC44-14384CE0EFEE}.DebugGame|Win32.Build.0 = Debug|Win32
		{753921F6-A0D4-4E07-AC44-14384CE0EFEE}.DebugGame|Win64.ActiveCfg = Release|x64
		{753921F6-A0D4-4E07-AC44-14384CE0EFEE}.DebugGame|Win64.Build.0 = Release|x64
		{753921F6-A0D4-4E07-AC44-14384CE0EFEE}.DebugGame|x64.ActiveCfg = Debug|x64
		{753921F6-A0D4-4E07-AC44-14384CE0EFEE}.DebugGame|x64.Build.0 = Debug|x64
		{753921F6-A0D4-4E07-AC44-14384CE0EFEE}.Development Editor|HTML5.ActiveCfg = Release|x64
		{753921F6-A0D4-4E07-AC44-14384CE0EFEE}.Development Editor|HTML5.Build.0 = Release|x64
		{753921F6-A0D4-4E07-AC44-14384CE0EFEE}.Development Editor|Win32.ActiveCfg = Debug|Win32
		{753921F6-A0D4-4E07-AC44-14384CE0EFEE}.Development Editor|Win32.Build.0 = Debug|Win32
		{753921F6-A0D4-4E07-AC44-14384CE0EFEE}.Development Editor|Win64.ActiveCfg = Release|x64
		{753921F6-A0D4-4E07-AC44-14384CE0EFEE}.Development Editor|Win64.Build.0 = Release|x64
		{753921F6-A0D4-4E07-AC44-14384CE0EFEE}.Development Editor|x64.ActiveCfg = Debug|x64
		{753921F6-A0D4-4E07-AC44-14384CE0EFEE}.Development Editor|x64.Build.0 = Debug|x64
		{753921F6-A0D4-4E07-AC44-14384CE0EFEE}.Development|HTML5.ActiveCfg = Release|x64
		{753921F6-A0D4-4E07-AC44-14384CE0EFEE}.Development|HTML5.Build.0 = Release|x64
		{753921F6-A0D4-4E07-AC44-14384CE0EFEE}.Development|Win32.ActiveCfg = Debug|Win32
		{753921F6-A0D4-4E07-AC44-14384CE0EFEE}.Development|Win32.Build.0 = Debug|Win32
		{753921F6-A0D4-4E07-AC44-14384CE0EFEE}.Development|Win64.ActiveCfg = Release|x64
		{753921F6-A0D4-4E07-AC44-14384CE0EFEE}.Development|Win64.Build.0 = Release|x64
		{753921F6-A0D4-4E07-AC44-14384CE0EFEE}.Development|x64.ActiveCfg = Debug|x64
		{753921F6-A0D4-4E07-AC44-14384CE0EFEE}.Development|x64.Build.0 = Debug|x64
		{753921F6-A0D4-4E07-AC44-14384CE0EFEE}.Release|HTML5.ActiveCfg = Release|Win32
		{753921F6-A0D4-4E07-AC44-14384CE0EFEE}.Release|Win32.ActiveCfg = Release|Win32
		{753921F6-A0D4-4E07-AC44-14384CE0EFEE}.Release|Win32.Build.0 = Release|Win32
		{753921F6-A0D4-4E07-AC44-14384CE0EFEE}.Release|Win64.ActiveCfg = Release|Win32
		{753921F6-A0D4-4E07-AC44-14384CE0EFEE}.Release|x64.ActiveCfg = Release|x64
		{753921F6-A0D4-4E07-AC44-14384CE0EFEE}.Release|x64.Build.0 = Release|x64
		{753921F6-A0D4-4E07-AC44-14384CE0EFEE}.Shipping|HTML5.ActiveCfg = Release|x64
		{753921F6-A0D4-4E07-AC44-14384CE0EFEE}.Shipping|HTML5.Build.0 = Release|x64
		{753921F6-A0D4-4E07-AC44-14384CE0EFEE}.Shipping|Win32.ActiveCfg = Release|Win32
		{753921F6-A0D4-4E07-AC44-14384CE0EFEE}.Shipping|Win32.Build.0 = Release|Win32
		{753921F6-A0D4-4E07-AC44-14384CE0EFEE}.Shipping|Win64.ActiveCfg = Release|x64
		{753921F6-A0D4-4E07-AC44-14384CE0EFEE}.Shipping|Win64.Build.0 = Release|x64
		{753921F6-A0D4-4E07-AC44-14384CE0EFEE}.Shipping|x64.ActiveCfg = Release|x64
		{753921F6-A0D4-4E07-AC44-14384CE0EFEE}.Shipping|x64.Build.0 = Release|x64
		{3C44D33F-A378-4C64-B664-978F30AB2944}.Debug|HTML5.ActiveCfg = Debug|Win32
		{3C44D33F-A378-4C64-B664-978F30AB2944}.Debug|Win32.ActiveCfg = Debug|Win32
		{3C44D33F-A378-4C64-B664-978F30AB2944}.Debug|Win32.Build.0 = Debug|Win32
		{3C44D33F-A378-4C64-B664-978F30AB2944}.Debug|Win64.ActiveCfg = Debug|Win32
		{3C44D33F-A378-4C64-B664-978F30AB2944}.Debug|x64.ActiveCfg = Debug|x64
		{3C44D33F-A378-4C64-B664-978F30AB2944}.Debug|x64.Build.0 = Debug|x64
		{3C44D33F-A378-4C64-B664-978F30AB2944}.DebugGame Editor|HTML5.ActiveCfg = Release|x64
		{3C44D33F-A378-4C64-B664-978F30AB2944}.DebugGame Editor|HTML5.Build.0 = Release|x64
		{3C44D33F-A378-4C64-B664-978F30AB2944}.DebugGame Editor|Win32.ActiveCfg = Debug|Win32
		{3C44D33F-A378-4C64-B664-978F30AB2944}.DebugGame Editor|Win32.Build.0 = Debug|Win32
		{3C44D33F-A378-4C64-B664-978F30AB2944}.DebugGame Editor|Win64.ActiveCfg = Release|x64
		{3C44D33F-A378-4C64-B664-978F30AB2944}.DebugGame Editor|Win64.Build.0 = Release|x64
		{3C44D33F-A378-4C64-B664-978F30AB2944}.DebugGame Editor|x64.ActiveCfg = Debug|x64
		{3C44D33F-A378-4C64-B664-978F30AB2944}.DebugGame Editor|x64.Build.0 = Debug|x64
		{3C44D33F-A378-4C64-B664-978F30AB2944}.DebugGame|HTML5.ActiveCfg = Release|x64
		{3C44D33F-A378-4C64-B664-978F30AB2944}.DebugGame|HTML5.Build.0 = Release|x64
		{3C44D33F-A378-4C64-B664-978F30AB2944}.DebugGame|Win32.ActiveCfg = Debug|Win32
		{3C44D33F-A378-4C64-B664-978F30AB2944}.DebugGame|Win32.Build.0 = Debug|Win32
		{3C44D33F-A378-4C64-B664-978F30AB2944}.DebugGame|Win64.ActiveCfg = Release|x64
		{3C44D33F-A378-4C64-B664-978F30AB2944}.DebugGame|Win64.Build.0 = Release|x64
		{3C44D33F-A378-4C64-B664-978F30AB2944}.DebugGame|x64.ActiveCfg = Debug|x64
		{3C44D33F-A378-4C64-B664-978F30AB2944}.DebugGame|x64.Build.0 = Debug|x64
		{3C44D33F-A378-4C64-B664-978F30AB2944}.Development Editor|HTML5.ActiveCfg = Release|x64
		{3C44D33F-A378-4C64-B664-978F30AB2944}.Development Editor|HTML5.Build.0 = Release|x64
		{3C44D33F-A378-4C64-B664-978F30AB2944}.Development Editor|Win32.ActiveCfg = Debug|Win32
		{3C44D33F-A378-4C64-B664-978F30AB2944}.Development Editor|Win32.Build.0 = Debug|Win32
		{3C44D33F-A378-4C64-B664-978F30AB2944}.Development Editor|Win64.ActiveCfg = Release|x64
		{3C44D33F-A378-4C64-B664-978F30AB2944}.Development Editor|Win64.Build.0 = Release|x64
		{3C44D33F-A378-4C64-B664-978F30AB2944}.Development Editor|x64.ActiveCfg = Debug|x64
		{3C44D33F-A378-4C64-B664-978F30AB2944}.Development Editor|x64.Build.0 = Debug|x64
		{3C44D33F-A378-4C64-B664-978F30AB2944}.Development|HTML5.ActiveCfg = Release|x64
		{3C44D33F-A378-4C64-B664-978F30AB2944}.Development|HTML5.Build.0 = Release|x64
		{3C44D33F-A378-4C64-B664-978F30AB2944}.Development|Win32.ActiveCfg = Debug|Win32
		{3C44D33F-A378-4C64-B664-978F30AB2944}.Development|Win32.Build.0 = Debug|Win32
		{3C44D33F-A378-4C64-B664-978F30AB2944}.Development|Win64.ActiveCfg = Release|x64
		{3C44D33F-A378-4C64-B664-978F30AB2944}.Development|Win64.Build.0 = Release|x64
		{3C44D33F-A378-4C64-B664-978F30AB2944}.Development|x64.ActiveCfg = Debug|x64
		{3C44D33F-A378-4C64-B664-978F30AB2944}.Development|x64.Build.0 = Debug|x64
		{3C44D33F-A378-4C64-B664-978F30AB2944}.Release|HTML5.ActiveCfg = Release|Win32
		{3C44D33F-A378-4C64-B664-978F30AB2944}.Release|Win32.ActiveCfg = Release|Win32
		{3C44D33F-A378-4C64-B664-978F30AB2944}.Release|Win32.Build.0 = Release|Win32
		{3C44D33F-A378-4C64-B664-978F30AB2944}.Release|Win64.ActiveCfg = Release|Win32
		{3C44D33F-A378-4C64-B664-978F30AB2944}.Release|x64.ActiveCfg = Release|x64
		{3C44D33F-A378-4C64-B664-978F30AB2944}.Release|x64.Build.0 = Release|x64
		{3C44D33F-A378-4C64-B664-978F30AB2944}.Shipping|HTML5.ActiveCfg = Release|x64
		{3C44D33F-A378-4C64-B664-978F30AB2944}.Shipping|HTML5.Build.0 = Release|x64
		{3C44D33F-A378-4C64-B664-978F30AB2944}.Shipping|Win32.ActiveCfg = Release|Win32
		{3C44D33F-A378-4C64-B664-978F30AB2944}.Shipping|Win32.Build.0 = Release|Win32
		{3C44D33F-A378-4C64-B664-978F30AB2944}.Shipping|Win64.ActiveCfg = Release|x64
		{3C44D33F-A378-4C64-B664-978F30AB2944}.Shipping|Win64.Build.0 = Release|x64
		{3C44D33F-A378-4C64-B664-978F30AB2944}.Shipping|x64.ActiveCfg = Release|x64
		{3C44D33F-A378-4C64-B664-978F30AB2944}.Shipping|x64.Build.0 = Release|x64
		{9D5F5C7D-01FF-41ED-9EAC-57CE4DBD5781}.Debug|HTML5.ActiveCfg = Debug|Win32
		{9D5F5C7D-01FF-41ED-9EAC-57CE4DBD5781}.Debug|Win32.ActiveCfg = Debug|Win32
		{9D5F5C7D-01FF-41ED-9EAC-57CE4DBD5781}.Debug|Win32.Build.0 = Debug|Win32
		{9D5F5C7D-01FF-41ED-9EAC-57CE4DBD5781}.Debug|Win64.ActiveCfg = Debug|Win32
		{9D5F5C7D-01FF-41ED-9EAC-57CE4DBD5781}.Debug|x64.ActiveCfg = Debug|x64
		{9D5F5C7D-01FF-41ED-9EAC-57CE4DBD5781}.Debug|x64.Build.0 = Debug|x64
		{9D5F5C7D-01FF-41ED-9EAC-57CE4DBD5781}.DebugGame Editor|HTML5.ActiveCfg = Release|x64
		{9D5F5C7D-01FF-41ED-9EAC-57CE4DBD5781}.DebugGame Editor|HTML5.Build.0 = Release|x64
		{9D5F5C7D-01FF-41ED-9EAC-57CE4DBD5781}.DebugGame Editor|Win32.ActiveCfg = Debug|Win32
		{9D5F5C7D-01FF-41ED-9EAC-57CE4DBD5781}.DebugGame Editor|Win32.Build.0 = Debug|Win32
		{9D5F5C7D-01FF-41ED-9EAC-57CE4DBD5781}.DebugGame Editor|Win64.ActiveCfg = Release|x64
		{9D5F5C7D-01FF-41ED-9EAC-57CE4DBD5781}.DebugGame Editor|Win64.Build.0 = Release|x64
		{9D5F5C7D-01FF-41ED-9EAC-57CE4DBD5781}.DebugGame Editor|x64.ActiveCfg = Debug|x64
		{9D5F5C7D-01FF-41ED-9EAC-57CE4DBD5781}.DebugGame Editor|x64.Build.0 = Debug|x64
		{9D5F5C7D-01FF-41ED-9EAC-57CE4DBD5781}.DebugGame|HTML5.ActiveCfg = Release|x64
		{9D5F5C7D-01FF-41ED-9EAC-57CE4DBD5781}.DebugGame|HTML5.Build.0 = Release|x64
		{9D5F5C7D-01FF-41ED-9EAC-57CE4DBD5781}.DebugGame|Win32.ActiveCfg = Debug|Win32
		{9D5F5C7D-01FF-41ED-9EAC-57CE4DBD5781}.DebugGame|Win32.Build.0 = Debug|Win32
		{9D5F5C7D-01FF-41ED-9EAC-57CE4DBD5781}.DebugGame|Win64.ActiveCfg = Release|x64
		{9D5F5C7D-01FF-41ED-9EAC-57CE4DBD5781}.DebugGame|Win64.Build.0 = Release|x64
		{9D5F5C7D-01FF-41ED-9EAC-57CE4DBD5781}.DebugGame|x64.ActiveCfg = Debug|x64
		{9D5F5C7D-01FF-41ED-9EAC-57CE4DBD5781}.DebugGame|x64.Build.0 = Debug|x64
		{9D5F5C7D-01FF-41ED-9EAC-57CE4DBD5781}.Development Editor|HTML5.ActiveCfg = Release|x64
		{9D5F5C7D-01FF-41ED-9EAC-57CE4DBD5781}.Development Editor|HTML5.Build.0 = Release|x64
		{9D5F5C7D-01FF-41ED-9EAC-57CE4DBD5781}.Development Editor|Win32.ActiveCfg = Debug|Win32
		{9D5F5C7D-01FF-41ED-9EAC-57CE4DBD5781}.Development Editor|Win32.Build.0 = Debug|Win32
		{9D5F5C7D-01FF-41ED-9EAC-57CE4DBD5781}.Development Editor|Win64.ActiveCfg = Release|x64
		{9D5F5C7D-01FF-41ED-9EAC-57CE4DBD5781}.Development Editor|Win64.Build.0 = Release|x64
		{9D5F5C7D-01FF-41ED-9EAC-57CE4DBD5781}.Development Editor|x64.ActiveCfg = Debug|x64
		{9D5F5C7D-01FF-41ED-9EAC-57CE4DBD5781}.Development Editor|x64.Build.0 = Debug|x64
		{9D5F5C7D-01FF-41ED-9EAC-57CE4DBD5781}.Development|HTML5.ActiveCfg = Release|x64
		{9D5F5C7D-01FF-41ED-9EAC-57CE4DBD5781}.Development|HTML5.Build.0 = Release|x64
		{9D5F5C7D-01FF-41ED-9EAC-57CE4DBD5781}.Development|Win32.ActiveCfg = Debug|Win32
		{9D5F5C7D-01FF-41ED-9EAC-57CE4DBD5781}.Development|Win32.Build.0 = Debug|Win32
		{9D5F5C7D-01FF-41ED-9EAC-57CE4DBD5781}.Development|Win64.ActiveCfg = Release|x64
		{9D5F5C7D-01FF-41ED-9EAC-57CE4DBD5781}.Development|Win64.Build.0 = Release|x64
		{9D5F5C7D-01FF-41ED-9EAC-57CE4DBD5781}.Development|x64.ActiveCfg = Debug|x64
		{9D5F5C7D-01FF-41ED-9EAC-57CE4DBD5781}.Development|x64.Build.0 = Debug|x64
		{9D5F5C7D-01FF-41ED-9EAC-57CE4DBD5781}.Release|HTML5.ActiveCfg = Release|Win32
		{9D5F5C7D-01FF-41ED-9EAC-57CE4DBD5781}.Release|Win32.ActiveCfg = Release|Win32
		{9D5F5C7D-01FF-41ED-9EAC-57CE4DBD5781}.Release|Win32.Build.0 = Release|Win32
		{9D5F5C7D-01FF-41ED-9EAC-57CE4DBD5781}.Release|Win64.ActiveCfg = Release|Win32
		{9D5F5C7D-01FF-41ED-9EAC-57CE4DBD5781}.Release|x64.ActiveCfg = Release|x64
		{9D5F5C7D-01FF-41ED-9EAC-57CE4DBD5781}.Release|x64.Build.0 = Release|x64
		{9D5F5C7D-01FF-41ED-9EAC-57CE4DBD5781}.Shipping|HTML5.ActiveCfg = Release|x64
		{9D5F5C7D-01FF-41ED-9EAC-57CE4DBD5781}.Shipping|HTML5.Build.0 = Release|x64
		{9D5F5C7D-01FF-41ED-9EAC-57CE4DBD5781}.Shipping|Win32.ActiveCfg = Release|Win32
		{9D5F5C7D-01FF-41ED-9EAC-57CE4DBD5781}.Shipping|Win32.Build.0 = Release|Win32
		{9D5F5C7D-01FF-41ED-9EAC-57CE4DBD5781}.Shipping|Win64.ActiveCfg = Release|x64
		{9D5F5C7D-01FF-41ED-9EAC-57CE4DBD5781}.Shipping|Win64.Build.0 = Release|x64
		{9D5F5C7D-01FF-41ED-9EAC-57CE4DBD5781}.Shipping|x64.ActiveCfg = Release|x64
		{9D5F5C7D-01FF-41ED-9EAC-57CE4DBD5781}.Shipping|x64.Build.0 = Release|x64
		{0999D968-5FA8-4A42-9743-CCE32A99BCE7}.Debug|HTML5.ActiveCfg = Debug|Win32
		{0999D968-5FA8-4A42-9743-CCE32A99BCE7}.Debug|Win32.ActiveCfg = Debug|Win32
		{0999D968-5FA8-4A42-9743-CCE32A99BCE7}.Debug|Win32.Build.0 = Debug|Win32
		{0999D968-5FA8-4A42-9743-CCE32A99BCE7}.Debug|Win64.ActiveCfg = Debug|Win32
		{0999D968-5FA8-4A42-9743-CCE32A99BCE7}.Debug|x64.ActiveCfg = Debug|x64
		{0999D968-5FA8-4A42-9743-CCE32A99BCE7}.Debug|x64.Build.0 = Debug|x64
		{0999D968-5FA8-4A42-9743-CCE32A99BCE7}.DebugGame Editor|HTML5.ActiveCfg = Release|x64
		{0999D968-5FA8-4A42-9743-CCE32A99BCE7}.DebugGame Editor|HTML5.Build.0 = Release|x64
		{0999D968-5FA8-4A42-9743-CCE32A99BCE7}.DebugGame Editor|Win32.ActiveCfg = Debug|Win32
		{0999D968-5FA8-4A42-9743-CCE32A99BCE7}.DebugGame Editor|Win32.Build.0 = Debug|Win32
		{0999D968-5FA8-4A42-9743-CCE32A99BCE7}.DebugGame Editor|Win64.ActiveCfg = Release|x64
		{0999D968-5FA8-4A42-9743-CCE32A99BCE7}.DebugGame Editor|Win64.Build.0 = Release|x64
		{0999D968-5FA8-4A42-9743-CCE32A99BCE7}.DebugGame Editor|x64.ActiveCfg = Debug|x64
		{0999D968-5FA8-4A42-9743-CCE32A99BCE7}.DebugGame Editor|x64.Build.0 = Debug|x64
		{0999D968-5FA8-4A42-9743-CCE32A99BCE7}.DebugGame|HTML5.ActiveCfg = Release|x64
		{0999D968-5FA8-4A42-9743-CCE32A99BCE7}.DebugGame|HTML5.Build.0 = Release|x64
		{0999D968-5FA8-4A42-9743-CCE32A99BCE7}.DebugGame|Win32.ActiveCfg = Debug|Win32
		{0999D968-5FA8-4A42-9743-CCE32A99BCE7}.DebugGame|Win32.Build.0 = Debug|Win32
		{0999D968-5FA8-4A42-9743-CCE32A99BCE7}.DebugGame|Win64.ActiveCfg = Release|x64
		{0999D968-5FA8-4A42-9743-CCE32A99BCE7}.DebugGame|Win64.Build.0 = Release|x64
		{0999D968-5FA8-4A42-9743-CCE32A99BCE7}.DebugGame|x64.ActiveCfg = Debug|x64
		{0999D968-5FA8-4A42-9743-CCE32A99BCE7}.DebugGame|x64.Build.0 = Debug|x64
		{0999D968-5FA8-4A42-9743-CCE32A99BCE7}.Development Editor|HTML5.ActiveCfg = Release|x64
		{0999D968-5FA8-4A42-9743-CCE32A99BCE7}.Development Editor|HTML5.Build.0 = Release|x64
		{0999D968-5FA8-4A42-9743-CCE32A99BCE7}.Development Editor|Win32.ActiveCfg = Debug|Win32
		{0999D968-5FA8-4A42-9743-CCE32A99BCE7}.Development Editor|Win32.Build.0 = Debug|Win32
		{0999D968-5FA8-4A42-9743-CCE32A99BCE7}.Development Editor|Win64.ActiveCfg = Release|x64
		{0999D968-5FA8-4A42-9743-CCE32A99BCE7}.Development Editor|Win64.Build.0 = Release|x64
		{0999D968-5FA8-4A42-9743-CCE32A99BCE7}.Development Editor|x64.ActiveCfg = Debug|x64
		{0999D968-5FA8-4A42-9743-CCE32A99BCE7}.Development Editor|x64.Build.0 = Debug|x64
		{0999D968-5FA8-4A42-9743-CCE32A99BCE7}.Development|HTML5.ActiveCfg = Release|x64
		{0999D968-5FA8-4A42-9743-CCE32A99BCE7}.Development|HTML5.Build.0 = Release|x64
		{0999D968-5FA8-4A42-9743-CCE32A99BCE7}.Development|Win32.ActiveCfg = Debug|Win32
		{0999D968-5FA8-4A42-9743-CCE32A99BCE7}.Development|Win32.Build.0 = Debug|Win32
		{0999D968-5FA8-4A42-9743-CCE32A99BCE7}.Development|Win64.ActiveCfg = Release|x64
		{0999D968-5FA8-4A42-9743-CCE32A99BCE7}.Development|Win64.Build.0 = Release|x64
		{0999D968-5FA8-4A42-9743-CCE32A99BCE7}.Development|x64.ActiveCfg = Debug|x64
		{0999D968-5FA8-4A42-9743-CCE32A99BCE7}.Development|x64.Build.0 = Debug|x64
		{0999D968-5FA8-4A42-9743-CCE32A99BCE7}.Release|HTML5.ActiveCfg = Release|Win32
		{0999D968-5FA8-4A42-9743-CCE32A99BCE7}.Release|Win32.ActiveCfg = Release|Win32
		{0999D968-5FA8-4A42-9743-CCE32A99BCE7}.Release|Win32.Build.0 = Release|Win32
		{0999D968-5FA8-4A42-9743-CCE32A99BCE7}.Release|Win64.ActiveCfg = Release|Win32
		{0999D968-5FA8-4A42-9743-CCE32A99BCE7}.Release|x64.ActiveCfg = Release|x64
		{0999D968-5FA8-4A42-9743-CCE32A99BCE7}.Release|x64.Build.0 = Release|x64
		{0999D968-5FA8-4A42-9743-CCE32A99BCE7}.Shipping|HTML5.ActiveCfg = Release|x64
		{0999D968-5FA8-4A42-9743-CCE32A99BCE7}.Shipping|HTML5.Build.0 = Release|x64
		{0999D968-5FA8-4A42-9743-CCE32A99BCE7}.Shipping|Win32.ActiveCfg = Release|Win32
		{0999D968-5FA8-4A42-9743-CCE32A99BCE7}.Shipping|Win32.Build.0 = Release|Win32
		{0999D968-5FA8-4A42-9743-CCE32A99BCE7}.Shipping|Win64.ActiveCfg = Release|x64
		{0999D968-5FA8-4A42-9743-CCE32A99BCE7}.Shipping|Win64.Build.0 = Release|x64
		{0999D968-5FA8-4A42-9743-CCE32A99BCE7}.Shipping|x64.ActiveCfg = Release|x64
		{0999D968-5FA8-4A42-9743-CCE32A99BCE7}.Shipping|x64.Build.0 = Release|x64
		{6D47087C-E2D5-4CCB-983D-2D7D5775F2AE}.Debug|HTML5.ActiveCfg = Debug|Win32
		{6D47087C-E2D5-4CCB-983D-2D7D5775F2AE}.Debug|Win32.ActiveCfg = Debug|Win32
		{6D47087C-E2D5-4CCB-983D-2D7D5775F2AE}.Debug|Win32.Build.0 = Debug|Win32
		{6D47087C-E2D5-4CCB-983D-2D7D5775F2AE}.Debug|Win64.ActiveCfg = Debug|Win32
		{6D47087C-E2D5-4CCB-983D-2D7D5775F2AE}.Debug|x64.ActiveCfg = Debug|x64
		{6D47087C-E2D5-4CCB-983D-2D7D5775F2AE}.Debug|x64.Build.0 = Debug|x64
		{6D47087C-E2D5-4CCB-983D-2D7D5775F2AE}.DebugGame Editor|HTML5.ActiveCfg = Release|x64
		{6D47087C-E2D5-4CCB-983D-2D7D5775F2AE}.DebugGame Editor|HTML5.Build.0 = Release|x64
		{6D47087C-E2D5-4CCB-983D-2D7D5775F2AE}.DebugGame Editor|Win32.ActiveCfg = Debug|Win32
		{6D47087C-E2D5-4CCB-983D-2D7D5775F2AE}.DebugGame Editor|Win32.Build.0 = Debug|Win32
		{6D47087C-E2D5-4CCB-983D-2D7D5775F2AE}.DebugGame Editor|Win64.ActiveCfg = Release|x64
		{6D47087C-E2D5-4CCB-983D-2D7D5775F2AE}.DebugGame Editor|Win64.Build.0 = Release|x64
		{6D47087C-E2D5-4CCB-983D-2D7D5775F2AE}.DebugGame Editor|x64.ActiveCfg = Debug|x64
		{6D47087C-E2D5-4CCB-983D-2D7D5775F2AE}.DebugGame Editor|x64.Build.0 = Debug|x64
		{6D47087C-E2D5-4CCB-983D-2D7D5775F2AE}.DebugGame|HTML5.ActiveCfg = Release|x64
		{6D47087C-E2D5-4CCB-983D-2D7D5775F2AE}.DebugGame|HTML5.Build.0 = Release|x64
		{6D47087C-E2D5-4CCB-983D-2D7D5775F2AE}.DebugGame|Win32.ActiveCfg = Debug|Win32
		{6D47087C-E2D5-4CCB-983D-2D7D5775F2AE}.DebugGame|Win32.Build.0 = Debug|Win32
		{6D47087C-E2D5-4CCB-983D-2D7D5775F2AE}.DebugGame|Win64.ActiveCfg = Release|x64
		{6D47087C-E2D5-4CCB-983D-2D7D5775F2AE}.DebugGame|Win64.Build.0 = Release|x64
		{6D47087C-E2D5-4CCB-983D-2D7D5775F2AE}.DebugGame|x64.ActiveCfg = Debug|x64
		{6D47087C-E2D5-4CCB-983D-2D7D5775F2AE}.DebugGame|x64.Build.0 = Debug|x64
		{6D47087C-E2D5-4CCB-983D-2D7D5775F2AE}.Development Editor|HTML5.ActiveCfg = Release|x64
		{6D47087C-E2D5-4CCB-983D-2D7D5775F2AE}.Development Editor|HTML5.Build.0 = Release|x64
		{6D47087C-E2D5-4CCB-983D-2D7D5775F2AE}.Development Editor|Win32.ActiveCfg = Debug|Win32
		{6D47087C-E2D5-4CCB-983D-2D7D5775F2AE}.Development Editor|Win32.Build.0 = Debug|Win32
		{6D47087C-E2D5-4CCB-983D-2D7D5775F2AE}.Development Editor|Win64.ActiveCfg = Release|x64
		{6D47087C-E2D5-4CCB-983D-2D7D5775F2AE}.Development Editor|Win64.Build.0 = Release|x64
		{6D47087C-E2D5-4CCB-983D-2D7D5775F2AE}.Development Editor|x64.ActiveCfg = Debug|x64
		{6D47087C-E2D5-4CCB-983D-2D7D5775F2AE}.Development Editor|x64.Build.0 = Debug|x64
		{6D47087C-E2D5-4CCB-983D-2D7D5775F2AE}.Development|HTML5.ActiveCfg = Release|x64
		{6D47087C-E2D5-4CCB-983D-2D7D5775F2AE}.Development|HTML5.Build.0 = Release|x64
		{6D47087C-E2D5-4CCB-983D-2D7D5775F2AE}.Development|Win32.ActiveCfg = Debug|Win32
		{6D47087C-E2D5-4CCB-983D-2D7D5775F2AE}.Development|Win32.Build.0 = Debug|Win32
		{6D47087C-E2D5-4CCB-983D-2D7D5775F2AE}.Development|Win64.ActiveCfg = Release|x64
		{6D47087C-E2D5-4CCB-983D-2D7D5775F2AE}.Development|Win64.Build.0 = Release|x64
		{6D47087C-E2D5-4CCB-983D-2D7D5775F2AE}.Development|x64.ActiveCfg = Debug|x64
		{6D47087C-E2D5-4CCB-983D-2D7D5775F2AE}.Development|x64.Build.0 = Debug|x64
		{6D47087C-E2D5-4CCB-983D-2D7D5775F2AE}.Release|HTML5.ActiveCfg = Release|Win32
		{6D47087C-E2D5-4CCB-983D-2D7D5775F2AE}.Release|Win32.ActiveCfg = Release|Win32
		{6D47087C-E2D5-4CCB-983D-2D7D5775F2AE}.Release|Win32.Build.0 = Release|Win32
		{6D47087C-E2D5-4CCB-983D-2D7D5775F2AE}.Release|Win64.ActiveCfg = Release|Win32
		{6D47087C-E2D5-4CCB-983D-2D7D5775F2AE}.Release|x64.ActiveCfg = Release|x64
		{6D47087C-E2D5-4CCB-983D-2D7D5775F2AE}.Release|x64.Build.0 = Release|x64
		{6D47087C-E2D5-4CCB-983D-2D7D5775F2AE}.Shipping|HTML5.ActiveCfg = Release|x64
		{6D47087C-E2D5-4CCB-983D-2D7D5775F2AE}.Shipping|HTML5.Build.0 = Release|x64
		{6D47087C-E2D5-4CCB-983D-2D7D5775F2AE}.Shipping|Win32.ActiveCfg = Release|Win32
		{6D47087C-E2D5-4CCB-983D-2D7D5775F2AE}.Shipping|Win32.Build.0 = Release|Win32
		{6D47087C-E2D5-4CCB-983D-2D7D5775F2AE}.Shipping|Win64.ActiveCfg = Release|x64
		{6D47087C-E2D5-4CCB-983D-2D7D5775F2AE}.Shipping|Win64.Build.0 = Release|x64
		{6D47087C-E2D5-4CCB-983D-2D7D5775F2AE}.Shipping|x64.ActiveCfg = Release|x64
		{6D47087C-E2D5-4CCB-983D-2D7D5775F2AE}.Shipping|x64.Build.0 = Release|x64
	EndGlobalSection
	GlobalSection(SolutionProperties) = preSolution
		HideSolutionNode = FALSE
	EndGlobalSection
	GlobalSection(NestedProjects) = preSolution
		{0E5C9074-F3A7-4D7C-B34B-BA98E07FFB59} = {040FDF84-471E-445C-97AC-5E2F8E66FC03}
		{A00EEE27-1CE8-4153-843C-90FADEADB909} = {4D1A5B66-356B-42D3-8ED7-41AF9DA48E86}
		{753921F6-A0D4-4E07-AC44-14384CE0EFEE} = {0B323EC5-CCBB-4035-9E7F-35A931CA6337}
		{3C44D33F-A378-4C64-B664-978F30AB2944} = {0B323EC5-CCBB-4035-9E7F-35A931CA6337}
		{9D5F5C7D-01FF-41ED-9EAC-57CE4DBD5781} = {0B323EC5-CCBB-4035-9E7F-35A931CA6337}
		{0999D968-5FA8-4A42-9743-CCE32A99BCE7} = {0B323EC5-CCBB-4035-9E7F-35A931CA6337}
		{6D47087C-E2D5-4CCB-983D-2D7D5775F2AE} = {0B323EC5-CCBB-4035-9E7F-35A931CA6337}
	EndGlobalSection
EndGlobal
