
Microsoft Visual Studio Solution File, Format Version 12.00
# Visual Studio Version 18
VisualStudioVersion = 18.3.11520.95
MinimumVisualStudioVersion = 10.0.40219.1
Project("{8BC9CEB8-8B4A-11D0-8D11-00A0C91BC942}") = "Minecraft.World", "Minecraft.World\Minecraft.World.vcxproj", "{F046C3CE-9749-4823-B32B-D9CC10B1A2C8}"
EndProject
Project("{8BC9CEB8-8B4A-11D0-8D11-00A0C91BC942}") = "Input", "Windows_Libs\Dev\Input\Input.vcxproj", "{258F8CF7-6317-480D-B07D-52A6846ADF67}"
EndProject
Project("{8BC9CEB8-8B4A-11D0-8D11-00A0C91BC942}") = "Storage", "Windows_Libs\Dev\Storage\Storage.vcxproj", "{6DED1618-2ADA-4D72-A11F-425E83C7042E}"
EndProject
Project("{8BC9CEB8-8B4A-11D0-8D11-00A0C91BC942}") = "Render_PC", "Windows_Libs\Dev\Render\Render.vcxproj", "{CC99EB47-7231-4067-8717-C6BF4ABDE338}"
EndProject
Project("{8BC9CEB8-8B4A-11D0-8D11-00A0C91BC942}") = "Profile", "Windows_Libs\Dev\Profile\Profile.vcxproj", "{D68297B9-CA86-4A8C-B81F-61811D7F96B8}"
EndProject
Project("{8BC9CEB8-8B4A-11D0-8D11-00A0C91BC942}") = "Minecraft.Client", "Minecraft.Client\Minecraft.Client.vcxproj", "{1B9A8C38-DD48-448C-AA24-E1A35E0089A3}"
	ProjectSection(ProjectDependencies) = postProject
		{F046C3CE-9749-4823-B32B-D9CC10B1A2C8} = {F046C3CE-9749-4823-B32B-D9CC10B1A2C8}
		{258F8CF7-6317-480D-B07D-52A6846ADF67} = {258F8CF7-6317-480D-B07D-52A6846ADF67}
		{6DED1618-2ADA-4D72-A11F-425E83C7042E} = {6DED1618-2ADA-4D72-A11F-425E83C7042E}
		{CC99EB47-7231-4067-8717-C6BF4ABDE338} = {CC99EB47-7231-4067-8717-C6BF4ABDE338}
		{D68297B9-CA86-4A8C-B81F-61811D7F96B8} = {D68297B9-CA86-4A8C-B81F-61811D7F96B8}
	EndProjectSection
EndProject
Project("{8BC9CEB8-8B4A-11D0-8D11-00A0C91BC942}") = "Launcher", "Launcher\Launcher.vcxproj", "{A7B8E9C1-2D3F-4E5A-8B9C-1D2E3F4A5B6C}"
EndProject
Global
	GlobalSection(SolutionConfigurationPlatforms) = preSolution
		ContentPackage_NO_TU|Durango = ContentPackage_NO_TU|Durango
		ContentPackage_NO_TU|ORBIS = ContentPackage_NO_TU|ORBIS
		ContentPackage_NO_TU|PS3 = ContentPackage_NO_TU|PS3
		ContentPackage_NO_TU|PSVita = ContentPackage_NO_TU|PSVita
		ContentPackage_NO_TU|Windows64 = ContentPackage_NO_TU|Windows64
		ContentPackage_NO_TU|Xbox 360 = ContentPackage_NO_TU|Xbox 360
		CONTENTPACKAGE_SYMBOLS|Durango = CONTENTPACKAGE_SYMBOLS|Durango
		CONTENTPACKAGE_SYMBOLS|ORBIS = CONTENTPACKAGE_SYMBOLS|ORBIS
		CONTENTPACKAGE_SYMBOLS|PS3 = CONTENTPACKAGE_SYMBOLS|PS3
		CONTENTPACKAGE_SYMBOLS|PSVita = CONTENTPACKAGE_SYMBOLS|PSVita
		CONTENTPACKAGE_SYMBOLS|Windows64 = CONTENTPACKAGE_SYMBOLS|Windows64
		CONTENTPACKAGE_SYMBOLS|Xbox 360 = CONTENTPACKAGE_SYMBOLS|Xbox 360
		ContentPackage|Durango = ContentPackage|Durango
		ContentPackage|ORBIS = ContentPackage|ORBIS
		ContentPackage|PS3 = ContentPackage|PS3
		ContentPackage|PSVita = ContentPackage|PSVita
		ContentPackage|Windows64 = ContentPackage|Windows64
		ContentPackage|Xbox 360 = ContentPackage|Xbox 360
		Debug|Durango = Debug|Durango
		Debug|ORBIS = Debug|ORBIS
		Debug|PS3 = Debug|PS3
		Debug|PSVita = Debug|PSVita
		Debug|Windows64 = Debug|Windows64
		Debug|Xbox 360 = Debug|Xbox 360
		Release|Durango = Release|Durango
		Release|ORBIS = Release|ORBIS
		Release|PS3 = Release|PS3
		Release|PSVita = Release|PSVita
		Release|Windows64 = Release|Windows64
		Release|Xbox 360 = Release|Xbox 360
		ReleaseForArt|Durango = ReleaseForArt|Durango
		ReleaseForArt|ORBIS = ReleaseForArt|ORBIS
		ReleaseForArt|PS3 = ReleaseForArt|PS3
		ReleaseForArt|PSVita = ReleaseForArt|PSVita
		ReleaseForArt|Windows64 = ReleaseForArt|Windows64
		ReleaseForArt|Xbox 360 = ReleaseForArt|Xbox 360
	EndGlobalSection
	GlobalSection(ProjectConfigurationPlatforms) = postSolution
		{F046C3CE-9749-4823-B32B-D9CC10B1A2C8}.ContentPackage_NO_TU|Durango.ActiveCfg = ContentPackage_NO_TU|x64
		{F046C3CE-9749-4823-B32B-D9CC10B1A2C8}.ContentPackage_NO_TU|ORBIS.ActiveCfg = ContentPackage_NO_TU|x64
		{F046C3CE-9749-4823-B32B-D9CC10B1A2C8}.ContentPackage_NO_TU|PS3.ActiveCfg = ContentPackage_NO_TU|x64
		{F046C3CE-9749-4823-B32B-D9CC10B1A2C8}.ContentPackage_NO_TU|PSVita.ActiveCfg = ContentPackage_NO_TU|x64
		{F046C3CE-9749-4823-B32B-D9CC10B1A2C8}.ContentPackage_NO_TU|Windows64.ActiveCfg = ContentPackage_NO_TU|x64
		{F046C3CE-9749-4823-B32B-D9CC10B1A2C8}.ContentPackage_NO_TU|Xbox 360.ActiveCfg = ContentPackage_NO_TU|x64
		{F046C3CE-9749-4823-B32B-D9CC10B1A2C8}.CONTENTPACKAGE_SYMBOLS|Durango.ActiveCfg = CONTENTPACKAGE_SYMBOLS|x64
		{F046C3CE-9749-4823-B32B-D9CC10B1A2C8}.CONTENTPACKAGE_SYMBOLS|ORBIS.ActiveCfg = CONTENTPACKAGE_SYMBOLS|x64
		{F046C3CE-9749-4823-B32B-D9CC10B1A2C8}.CONTENTPACKAGE_SYMBOLS|PS3.ActiveCfg = CONTENTPACKAGE_SYMBOLS|x64
		{F046C3CE-9749-4823-B32B-D9CC10B1A2C8}.CONTENTPACKAGE_SYMBOLS|PSVita.ActiveCfg = CONTENTPACKAGE_SYMBOLS|x64
		{F046C3CE-9749-4823-B32B-D9CC10B1A2C8}.CONTENTPACKAGE_SYMBOLS|Windows64.ActiveCfg = CONTENTPACKAGE_SYMBOLS|x64
		{F046C3CE-9749-4823-B32B-D9CC10B1A2C8}.CONTENTPACKAGE_SYMBOLS|Xbox 360.ActiveCfg = CONTENTPACKAGE_SYMBOLS|x64
		{F046C3CE-9749-4823-B32B-D9CC10B1A2C8}.ContentPackage|Durango.ActiveCfg = ContentPackage|x64
		{F046C3CE-9749-4823-B32B-D9CC10B1A2C8}.ContentPackage|ORBIS.ActiveCfg = ContentPackage|x64
		{F046C3CE-9749-4823-B32B-D9CC10B1A2C8}.ContentPackage|PS3.ActiveCfg = ContentPackage|x64
		{F046C3CE-9749-4823-B32B-D9CC10B1A2C8}.ContentPackage|PSVita.ActiveCfg = ContentPackage|x64
		{F046C3CE-9749-4823-B32B-D9CC10B1A2C8}.ContentPackage|Windows64.ActiveCfg = ContentPackage|x64
		{F046C3CE-9749-4823-B32B-D9CC10B1A2C8}.ContentPackage|Windows64.Build.0 = ContentPackage|x64
		{F046C3CE-9749-4823-B32B-D9CC10B1A2C8}.ContentPackage|Xbox 360.ActiveCfg = ContentPackage|x64
		{F046C3CE-9749-4823-B32B-D9CC10B1A2C8}.Debug|Durango.ActiveCfg = Debug|x64
		{F046C3CE-9749-4823-B32B-D9CC10B1A2C8}.Debug|ORBIS.ActiveCfg = Debug|x64
		{F046C3CE-9749-4823-B32B-D9CC10B1A2C8}.Debug|PS3.ActiveCfg = Debug|x64
		{F046C3CE-9749-4823-B32B-D9CC10B1A2C8}.Debug|PSVita.ActiveCfg = Debug|x64
		{F046C3CE-9749-4823-B32B-D9CC10B1A2C8}.Debug|Windows64.ActiveCfg = Debug|x64
		{F046C3CE-9749-4823-B32B-D9CC10B1A2C8}.Debug|Windows64.Build.0 = Debug|x64
		{F046C3CE-9749-4823-B32B-D9CC10B1A2C8}.Debug|Xbox 360.ActiveCfg = Debug|x64
		{F046C3CE-9749-4823-B32B-D9CC10B1A2C8}.Release|Durango.ActiveCfg = Release|x64
		{F046C3CE-9749-4823-B32B-D9CC10B1A2C8}.Release|ORBIS.ActiveCfg = Release|x64
		{F046C3CE-9749-4823-B32B-D9CC10B1A2C8}.Release|PS3.ActiveCfg = Release|x64
		{F046C3CE-9749-4823-B32B-D9CC10B1A2C8}.Release|PSVita.ActiveCfg = Release|x64
		{F046C3CE-9749-4823-B32B-D9CC10B1A2C8}.Release|Windows64.ActiveCfg = Release|x64
		{F046C3CE-9749-4823-B32B-D9CC10B1A2C8}.Release|Windows64.Build.0 = Release|x64
		{F046C3CE-9749-4823-B32B-D9CC10B1A2C8}.Release|Xbox 360.ActiveCfg = Release|x64
		{F046C3CE-9749-4823-B32B-D9CC10B1A2C8}.ReleaseForArt|Durango.ActiveCfg = ReleaseForArt|x64
		{F046C3CE-9749-4823-B32B-D9CC10B1A2C8}.ReleaseForArt|ORBIS.ActiveCfg = ReleaseForArt|x64
		{F046C3CE-9749-4823-B32B-D9CC10B1A2C8}.ReleaseForArt|PS3.ActiveCfg = ReleaseForArt|x64
		{F046C3CE-9749-4823-B32B-D9CC10B1A2C8}.ReleaseForArt|PSVita.ActiveCfg = ReleaseForArt|x64
		{F046C3CE-9749-4823-B32B-D9CC10B1A2C8}.ReleaseForArt|Windows64.ActiveCfg = ReleaseForArt|x64
		{F046C3CE-9749-4823-B32B-D9CC10B1A2C8}.ReleaseForArt|Xbox 360.ActiveCfg = ReleaseForArt|x64
		{258F8CF7-6317-480D-B07D-52A6846ADF67}.ContentPackage_NO_TU|Durango.ActiveCfg = Release|x64
		{258F8CF7-6317-480D-B07D-52A6846ADF67}.ContentPackage_NO_TU|Durango.Build.0 = Release|x64
		{258F8CF7-6317-480D-B07D-52A6846ADF67}.ContentPackage_NO_TU|ORBIS.ActiveCfg = Release|x64
		{258F8CF7-6317-480D-B07D-52A6846ADF67}.ContentPackage_NO_TU|ORBIS.Build.0 = Release|x64
		{258F8CF7-6317-480D-B07D-52A6846ADF67}.ContentPackage_NO_TU|PS3.ActiveCfg = Release|x64
		{258F8CF7-6317-480D-B07D-52A6846ADF67}.ContentPackage_NO_TU|PS3.Build.0 = Release|x64
		{258F8CF7-6317-480D-B07D-52A6846ADF67}.ContentPackage_NO_TU|PSVita.ActiveCfg = Release|x64
		{258F8CF7-6317-480D-B07D-52A6846ADF67}.ContentPackage_NO_TU|PSVita.Build.0 = Release|x64
		{258F8CF7-6317-480D-B07D-52A6846ADF67}.ContentPackage_NO_TU|Windows64.ActiveCfg = Release|x64
		{258F8CF7-6317-480D-B07D-52A6846ADF67}.ContentPackage_NO_TU|Windows64.Build.0 = Release|x64
		{258F8CF7-6317-480D-B07D-52A6846ADF67}.ContentPackage_NO_TU|Xbox 360.ActiveCfg = Release|x64
		{258F8CF7-6317-480D-B07D-52A6846ADF67}.ContentPackage_NO_TU|Xbox 360.Build.0 = Release|x64
		{258F8CF7-6317-480D-B07D-52A6846ADF67}.CONTENTPACKAGE_SYMBOLS|Durango.ActiveCfg = Release|x64
		{258F8CF7-6317-480D-B07D-52A6846ADF67}.CONTENTPACKAGE_SYMBOLS|Durango.Build.0 = Release|x64
		{258F8CF7-6317-480D-B07D-52A6846ADF67}.CONTENTPACKAGE_SYMBOLS|ORBIS.ActiveCfg = Release|x64
		{258F8CF7-6317-480D-B07D-52A6846ADF67}.CONTENTPACKAGE_SYMBOLS|ORBIS.Build.0 = Release|x64
		{258F8CF7-6317-480D-B07D-52A6846ADF67}.CONTENTPACKAGE_SYMBOLS|PS3.ActiveCfg = Release|x64
		{258F8CF7-6317-480D-B07D-52A6846ADF67}.CONTENTPACKAGE_SYMBOLS|PS3.Build.0 = Release|x64
		{258F8CF7-6317-480D-B07D-52A6846ADF67}.CONTENTPACKAGE_SYMBOLS|PSVita.ActiveCfg = Release|x64
		{258F8CF7-6317-480D-B07D-52A6846ADF67}.CONTENTPACKAGE_SYMBOLS|PSVita.Build.0 = Release|x64
		{258F8CF7-6317-480D-B07D-52A6846ADF67}.CONTENTPACKAGE_SYMBOLS|Windows64.ActiveCfg = Release|x64
		{258F8CF7-6317-480D-B07D-52A6846ADF67}.CONTENTPACKAGE_SYMBOLS|Windows64.Build.0 = Release|x64
		{258F8CF7-6317-480D-B07D-52A6846ADF67}.CONTENTPACKAGE_SYMBOLS|Xbox 360.ActiveCfg = Release|x64
		{258F8CF7-6317-480D-B07D-52A6846ADF67}.CONTENTPACKAGE_SYMBOLS|Xbox 360.Build.0 = Release|x64
		{258F8CF7-6317-480D-B07D-52A6846ADF67}.ContentPackage|Durango.ActiveCfg = Release|x64
		{258F8CF7-6317-480D-B07D-52A6846ADF67}.ContentPackage|Durango.Build.0 = Release|x64
		{258F8CF7-6317-480D-B07D-52A6846ADF67}.ContentPackage|ORBIS.ActiveCfg = Release|x64
		{258F8CF7-6317-480D-B07D-52A6846ADF67}.ContentPackage|ORBIS.Build.0 = Release|x64
		{258F8CF7-6317-480D-B07D-52A6846ADF67}.ContentPackage|PS3.ActiveCfg = Release|x64
		{258F8CF7-6317-480D-B07D-52A6846ADF67}.ContentPackage|PS3.Build.0 = Release|x64
		{258F8CF7-6317-480D-B07D-52A6846ADF67}.ContentPackage|PSVita.ActiveCfg = Release|x64
		{258F8CF7-6317-480D-B07D-52A6846ADF67}.ContentPackage|PSVita.Build.0 = Release|x64
		{258F8CF7-6317-480D-B07D-52A6846ADF67}.ContentPackage|Windows64.ActiveCfg = Release|x64
		{258F8CF7-6317-480D-B07D-52A6846ADF67}.ContentPackage|Windows64.Build.0 = Release|x64
		{258F8CF7-6317-480D-B07D-52A6846ADF67}.ContentPackage|Xbox 360.ActiveCfg = Release|x64
		{258F8CF7-6317-480D-B07D-52A6846ADF67}.ContentPackage|Xbox 360.Build.0 = Release|x64
		{258F8CF7-6317-480D-B07D-52A6846ADF67}.Debug|Durango.ActiveCfg = Debug|x64
		{258F8CF7-6317-480D-B07D-52A6846ADF67}.Debug|Durango.Build.0 = Debug|x64
		{258F8CF7-6317-480D-B07D-52A6846ADF67}.Debug|ORBIS.ActiveCfg = Debug|x64
		{258F8CF7-6317-480D-B07D-52A6846ADF67}.Debug|ORBIS.Build.0 = Debug|x64
		{258F8CF7-6317-480D-B07D-52A6846ADF67}.Debug|PS3.ActiveCfg = Debug|x64
		{258F8CF7-6317-480D-B07D-52A6846ADF67}.Debug|PS3.Build.0 = Debug|x64
		{258F8CF7-6317-480D-B07D-52A6846ADF67}.Debug|PSVita.ActiveCfg = Debug|x64
		{258F8CF7-6317-480D-B07D-52A6846ADF67}.Debug|PSVita.Build.0 = Debug|x64
		{258F8CF7-6317-480D-B07D-52A6846ADF67}.Debug|Windows64.ActiveCfg = Debug|x64
		{258F8CF7-6317-480D-B07D-52A6846ADF67}.Debug|Windows64.Build.0 = Debug|x64
		{258F8CF7-6317-480D-B07D-52A6846ADF67}.Debug|Xbox 360.ActiveCfg = Debug|x64
		{258F8CF7-6317-480D-B07D-52A6846ADF67}.Debug|Xbox 360.Build.0 = Debug|x64
		{258F8CF7-6317-480D-B07D-52A6846ADF67}.Release|Durango.ActiveCfg = Release|x64
		{258F8CF7-6317-480D-B07D-52A6846ADF67}.Release|Durango.Build.0 = Release|x64
		{258F8CF7-6317-480D-B07D-52A6846ADF67}.Release|ORBIS.ActiveCfg = Release|x64
		{258F8CF7-6317-480D-B07D-52A6846ADF67}.Release|ORBIS.Build.0 = Release|x64
		{258F8CF7-6317-480D-B07D-52A6846ADF67}.Release|PS3.ActiveCfg = Release|x64
		{258F8CF7-6317-480D-B07D-52A6846ADF67}.Release|PS3.Build.0 = Release|x64
		{258F8CF7-6317-480D-B07D-52A6846ADF67}.Release|PSVita.ActiveCfg = Release|x64
		{258F8CF7-6317-480D-B07D-52A6846ADF67}.Release|PSVita.Build.0 = Release|x64
		{258F8CF7-6317-480D-B07D-52A6846ADF67}.Release|Windows64.ActiveCfg = Release|x64
		{258F8CF7-6317-480D-B07D-52A6846ADF67}.Release|Windows64.Build.0 = Release|x64
		{258F8CF7-6317-480D-B07D-52A6846ADF67}.Release|Xbox 360.ActiveCfg = Release|x64
		{258F8CF7-6317-480D-B07D-52A6846ADF67}.Release|Xbox 360.Build.0 = Release|x64
		{258F8CF7-6317-480D-B07D-52A6846ADF67}.ReleaseForArt|Durango.ActiveCfg = Release|x64
		{258F8CF7-6317-480D-B07D-52A6846ADF67}.ReleaseForArt|Durango.Build.0 = Release|x64
		{258F8CF7-6317-480D-B07D-52A6846ADF67}.ReleaseForArt|ORBIS.ActiveCfg = Release|x64
		{258F8CF7-6317-480D-B07D-52A6846ADF67}.ReleaseForArt|ORBIS.Build.0 = Release|x64
		{258F8CF7-6317-480D-B07D-52A6846ADF67}.ReleaseForArt|PS3.ActiveCfg = Release|x64
		{258F8CF7-6317-480D-B07D-52A6846ADF67}.ReleaseForArt|PS3.Build.0 = Release|x64
		{258F8CF7-6317-480D-B07D-52A6846ADF67}.ReleaseForArt|PSVita.ActiveCfg = Release|x64
		{258F8CF7-6317-480D-B07D-52A6846ADF67}.ReleaseForArt|PSVita.Build.0 = Release|x64
		{258F8CF7-6317-480D-B07D-52A6846ADF67}.ReleaseForArt|Windows64.ActiveCfg = Release|x64
		{258F8CF7-6317-480D-B07D-52A6846ADF67}.ReleaseForArt|Windows64.Build.0 = Release|x64
		{258F8CF7-6317-480D-B07D-52A6846ADF67}.ReleaseForArt|Xbox 360.ActiveCfg = Release|x64
		{258F8CF7-6317-480D-B07D-52A6846ADF67}.ReleaseForArt|Xbox 360.Build.0 = Release|x64
		{6DED1618-2ADA-4D72-A11F-425E83C7042E}.ContentPackage_NO_TU|Durango.ActiveCfg = Release|x64
		{6DED1618-2ADA-4D72-A11F-425E83C7042E}.ContentPackage_NO_TU|Durango.Build.0 = Release|x64
		{6DED1618-2ADA-4D72-A11F-425E83C7042E}.ContentPackage_NO_TU|ORBIS.ActiveCfg = Release|x64
		{6DED1618-2ADA-4D72-A11F-425E83C7042E}.ContentPackage_NO_TU|ORBIS.Build.0 = Release|x64
		{6DED1618-2ADA-4D72-A11F-425E83C7042E}.ContentPackage_NO_TU|PS3.ActiveCfg = Release|x64
		{6DED1618-2ADA-4D72-A11F-425E83C7042E}.ContentPackage_NO_TU|PS3.Build.0 = Release|x64
		{6DED1618-2ADA-4D72-A11F-425E83C7042E}.ContentPackage_NO_TU|PSVita.ActiveCfg = Release|x64
		{6DED1618-2ADA-4D72-A11F-425E83C7042E}.ContentPackage_NO_TU|PSVita.Build.0 = Release|x64
		{6DED1618-2ADA-4D72-A11F-425E83C7042E}.ContentPackage_NO_TU|Windows64.ActiveCfg = Release|x64
		{6DED1618-2ADA-4D72-A11F-425E83C7042E}.ContentPackage_NO_TU|Windows64.Build.0 = Release|x64
		{6DED1618-2ADA-4D72-A11F-425E83C7042E}.ContentPackage_NO_TU|Xbox 360.ActiveCfg = Release|x64
		{6DED1618-2ADA-4D72-A11F-425E83C7042E}.ContentPackage_NO_TU|Xbox 360.Build.0 = Release|x64
		{6DED1618-2ADA-4D72-A11F-425E83C7042E}.CONTENTPACKAGE_SYMBOLS|Durango.ActiveCfg = Release|x64
		{6DED1618-2ADA-4D72-A11F-425E83C7042E}.CONTENTPACKAGE_SYMBOLS|Durango.Build.0 = Release|x64
		{6DED1618-2ADA-4D72-A11F-425E83C7042E}.CONTENTPACKAGE_SYMBOLS|ORBIS.ActiveCfg = Release|x64
		{6DED1618-2ADA-4D72-A11F-425E83C7042E}.CONTENTPACKAGE_SYMBOLS|ORBIS.Build.0 = Release|x64
		{6DED1618-2ADA-4D72-A11F-425E83C7042E}.CONTENTPACKAGE_SYMBOLS|PS3.ActiveCfg = Release|x64
		{6DED1618-2ADA-4D72-A11F-425E83C7042E}.CONTENTPACKAGE_SYMBOLS|PS3.Build.0 = Release|x64
		{6DED1618-2ADA-4D72-A11F-425E83C7042E}.CONTENTPACKAGE_SYMBOLS|PSVita.ActiveCfg = Release|x64
		{6DED1618-2ADA-4D72-A11F-425E83C7042E}.CONTENTPACKAGE_SYMBOLS|PSVita.Build.0 = Release|x64
		{6DED1618-2ADA-4D72-A11F-425E83C7042E}.CONTENTPACKAGE_SYMBOLS|Windows64.ActiveCfg = Release|x64
		{6DED1618-2ADA-4D72-A11F-425E83C7042E}.CONTENTPACKAGE_SYMBOLS|Windows64.Build.0 = Release|x64
		{6DED1618-2ADA-4D72-A11F-425E83C7042E}.CONTENTPACKAGE_SYMBOLS|Xbox 360.ActiveCfg = Release|x64
		{6DED1618-2ADA-4D72-A11F-425E83C7042E}.CONTENTPACKAGE_SYMBOLS|Xbox 360.Build.0 = Release|x64
		{6DED1618-2ADA-4D72-A11F-425E83C7042E}.ContentPackage|Durango.ActiveCfg = Release|x64
		{6DED1618-2ADA-4D72-A11F-425E83C7042E}.ContentPackage|Durango.Build.0 = Release|x64
		{6DED1618-2ADA-4D72-A11F-425E83C7042E}.ContentPackage|ORBIS.ActiveCfg = Release|x64
		{6DED1618-2ADA-4D72-A11F-425E83C7042E}.ContentPackage|ORBIS.Build.0 = Release|x64
		{6DED1618-2ADA-4D72-A11F-425E83C7042E}.ContentPackage|PS3.ActiveCfg = Release|x64
		{6DED1618-2ADA-4D72-A11F-425E83C7042E}.ContentPackage|PS3.Build.0 = Release|x64
		{6DED1618-2ADA-4D72-A11F-425E83C7042E}.ContentPackage|PSVita.ActiveCfg = Release|x64
		{6DED1618-2ADA-4D72-A11F-425E83C7042E}.ContentPackage|PSVita.Build.0 = Release|x64
		{6DED1618-2ADA-4D72-A11F-425E83C7042E}.ContentPackage|Windows64.ActiveCfg = Release|x64
		{6DED1618-2ADA-4D72-A11F-425E83C7042E}.ContentPackage|Windows64.Build.0 = Release|x64
		{6DED1618-2ADA-4D72-A11F-425E83C7042E}.ContentPackage|Xbox 360.ActiveCfg = Release|x64
		{6DED1618-2ADA-4D72-A11F-425E83C7042E}.ContentPackage|Xbox 360.Build.0 = Release|x64
		{6DED1618-2ADA-4D72-A11F-425E83C7042E}.Debug|Durango.ActiveCfg = Debug|x64
		{6DED1618-2ADA-4D72-A11F-425E83C7042E}.Debug|Durango.Build.0 = Debug|x64
		{6DED1618-2ADA-4D72-A11F-425E83C7042E}.Debug|ORBIS.ActiveCfg = Debug|x64
		{6DED1618-2ADA-4D72-A11F-425E83C7042E}.Debug|ORBIS.Build.0 = Debug|x64
		{6DED1618-2ADA-4D72-A11F-425E83C7042E}.Debug|PS3.ActiveCfg = Debug|x64
		{6DED1618-2ADA-4D72-A11F-425E83C7042E}.Debug|PS3.Build.0 = Debug|x64
		{6DED1618-2ADA-4D72-A11F-425E83C7042E}.Debug|PSVita.ActiveCfg = Debug|x64
		{6DED1618-2ADA-4D72-A11F-425E83C7042E}.Debug|PSVita.Build.0 = Debug|x64
		{6DED1618-2ADA-4D72-A11F-425E83C7042E}.Debug|Windows64.ActiveCfg = Debug|x64
		{6DED1618-2ADA-4D72-A11F-425E83C7042E}.Debug|Windows64.Build.0 = Debug|x64
		{6DED1618-2ADA-4D72-A11F-425E83C7042E}.Debug|Xbox 360.ActiveCfg = Debug|x64
		{6DED1618-2ADA-4D72-A11F-425E83C7042E}.Debug|Xbox 360.Build.0 = Debug|x64
		{6DED1618-2ADA-4D72-A11F-425E83C7042E}.Release|Durango.ActiveCfg = Release|x64
		{6DED1618-2ADA-4D72-A11F-425E83C7042E}.Release|Durango.Build.0 = Release|x64
		{6DED1618-2ADA-4D72-A11F-425E83C7042E}.Release|ORBIS.ActiveCfg = Release|x64
		{6DED1618-2ADA-4D72-A11F-425E83C7042E}.Release|ORBIS.Build.0 = Release|x64
		{6DED1618-2ADA-4D72-A11F-425E83C7042E}.Release|PS3.ActiveCfg = Release|x64
		{6DED1618-2ADA-4D72-A11F-425E83C7042E}.Release|PS3.Build.0 = Release|x64
		{6DED1618-2ADA-4D72-A11F-425E83C7042E}.Release|PSVita.ActiveCfg = Release|x64
		{6DED1618-2ADA-4D72-A11F-425E83C7042E}.Release|PSVita.Build.0 = Release|x64
		{6DED1618-2ADA-4D72-A11F-425E83C7042E}.Release|Windows64.ActiveCfg = Release|x64
		{6DED1618-2ADA-4D72-A11F-425E83C7042E}.Release|Windows64.Build.0 = Release|x64
		{6DED1618-2ADA-4D72-A11F-425E83C7042E}.Release|Xbox 360.ActiveCfg = Release|x64
		{6DED1618-2ADA-4D72-A11F-425E83C7042E}.Release|Xbox 360.Build.0 = Release|x64
		{6DED1618-2ADA-4D72-A11F-425E83C7042E}.ReleaseForArt|Durango.ActiveCfg = Release|x64
		{6DED1618-2ADA-4D72-A11F-425E83C7042E}.ReleaseForArt|Durango.Build.0 = Release|x64
		{6DED1618-2ADA-4D72-A11F-425E83C7042E}.ReleaseForArt|ORBIS.ActiveCfg = Release|x64
		{6DED1618-2ADA-4D72-A11F-425E83C7042E}.ReleaseForArt|ORBIS.Build.0 = Release|x64
		{6DED1618-2ADA-4D72-A11F-425E83C7042E}.ReleaseForArt|PS3.ActiveCfg = Release|x64
		{6DED1618-2ADA-4D72-A11F-425E83C7042E}.ReleaseForArt|PS3.Build.0 = Release|x64
		{6DED1618-2ADA-4D72-A11F-425E83C7042E}.ReleaseForArt|PSVita.ActiveCfg = Release|x64
		{6DED1618-2ADA-4D72-A11F-425E83C7042E}.ReleaseForArt|PSVita.Build.0 = Release|x64
		{6DED1618-2ADA-4D72-A11F-425E83C7042E}.ReleaseForArt|Windows64.ActiveCfg = Release|x64
		{6DED1618-2ADA-4D72-A11F-425E83C7042E}.ReleaseForArt|Windows64.Build.0 = Release|x64
		{6DED1618-2ADA-4D72-A11F-425E83C7042E}.ReleaseForArt|Xbox 360.ActiveCfg = Release|x64
		{6DED1618-2ADA-4D72-A11F-425E83C7042E}.ReleaseForArt|Xbox 360.Build.0 = Release|x64
		{CC99EB47-7231-4067-8717-C6BF4ABDE338}.ContentPackage_NO_TU|Durango.ActiveCfg = Release|x64
		{CC99EB47-7231-4067-8717-C6BF4ABDE338}.ContentPackage_NO_TU|Durango.Build.0 = Release|x64
		{CC99EB47-7231-4067-8717-C6BF4ABDE338}.ContentPackage_NO_TU|ORBIS.ActiveCfg = Release|x64
		{CC99EB47-7231-4067-8717-C6BF4ABDE338}.ContentPackage_NO_TU|ORBIS.Build.0 = Release|x64
		{CC99EB47-7231-4067-8717-C6BF4ABDE338}.ContentPackage_NO_TU|PS3.ActiveCfg = Release|x64
		{CC99EB47-7231-4067-8717-C6BF4ABDE338}.ContentPackage_NO_TU|PS3.Build.0 = Release|x64
		{CC99EB47-7231-4067-8717-C6BF4ABDE338}.ContentPackage_NO_TU|PSVita.ActiveCfg = Release|x64
		{CC99EB47-7231-4067-8717-C6BF4ABDE338}.ContentPackage_NO_TU|PSVita.Build.0 = Release|x64
		{CC99EB47-7231-4067-8717-C6BF4ABDE338}.ContentPackage_NO_TU|Windows64.ActiveCfg = Release|x64
		{CC99EB47-7231-4067-8717-C6BF4ABDE338}.ContentPackage_NO_TU|Windows64.Build.0 = Release|x64
		{CC99EB47-7231-4067-8717-C6BF4ABDE338}.ContentPackage_NO_TU|Xbox 360.ActiveCfg = Release|x64
		{CC99EB47-7231-4067-8717-C6BF4ABDE338}.ContentPackage_NO_TU|Xbox 360.Build.0 = Release|x64
		{CC99EB47-7231-4067-8717-C6BF4ABDE338}.CONTENTPACKAGE_SYMBOLS|Durango.ActiveCfg = Release|x64
		{CC99EB47-7231-4067-8717-C6BF4ABDE338}.CONTENTPACKAGE_SYMBOLS|Durango.Build.0 = Release|x64
		{CC99EB47-7231-4067-8717-C6BF4ABDE338}.CONTENTPACKAGE_SYMBOLS|ORBIS.ActiveCfg = Release|x64
		{CC99EB47-7231-4067-8717-C6BF4ABDE338}.CONTENTPACKAGE_SYMBOLS|ORBIS.Build.0 = Release|x64
		{CC99EB47-7231-4067-8717-C6BF4ABDE338}.CONTENTPACKAGE_SYMBOLS|PS3.ActiveCfg = Release|x64
		{CC99EB47-7231-4067-8717-C6BF4ABDE338}.CONTENTPACKAGE_SYMBOLS|PS3.Build.0 = Release|x64
		{CC99EB47-7231-4067-8717-C6BF4ABDE338}.CONTENTPACKAGE_SYMBOLS|PSVita.ActiveCfg = Release|x64
		{CC99EB47-7231-4067-8717-C6BF4ABDE338}.CONTENTPACKAGE_SYMBOLS|PSVita.Build.0 = Release|x64
		{CC99EB47-7231-4067-8717-C6BF4ABDE338}.CONTENTPACKAGE_SYMBOLS|Windows64.ActiveCfg = Release|x64
		{CC99EB47-7231-4067-8717-C6BF4ABDE338}.CONTENTPACKAGE_SYMBOLS|Windows64.Build.0 = Release|x64
		{CC99EB47-7231-4067-8717-C6BF4ABDE338}.CONTENTPACKAGE_SYMBOLS|Xbox 360.ActiveCfg = Release|x64
		{CC99EB47-7231-4067-8717-C6BF4ABDE338}.CONTENTPACKAGE_SYMBOLS|Xbox 360.Build.0 = Release|x64
		{CC99EB47-7231-4067-8717-C6BF4ABDE338}.ContentPackage|Durango.ActiveCfg = Release|x64
		{CC99EB47-7231-4067-8717-C6BF4ABDE338}.ContentPackage|Durango.Build.0 = Release|x64
		{CC99EB47-7231-4067-8717-C6BF4ABDE338}.ContentPackage|ORBIS.ActiveCfg = Release|x64
		{CC99EB47-7231-4067-8717-C6BF4ABDE338}.ContentPackage|ORBIS.Build.0 = Release|x64
		{CC99EB47-7231-4067-8717-C6BF4ABDE338}.ContentPackage|PS3.ActiveCfg = Release|x64
		{CC99EB47-7231-4067-8717-C6BF4ABDE338}.ContentPackage|PS3.Build.0 = Release|x64
		{CC99EB47-7231-4067-8717-C6BF4ABDE338}.ContentPackage|PSVita.ActiveCfg = Release|x64
		{CC99EB47-7231-4067-8717-C6BF4ABDE338}.ContentPackage|PSVita.Build.0 = Release|x64
		{CC99EB47-7231-4067-8717-C6BF4ABDE338}.ContentPackage|Windows64.ActiveCfg = Release|x64
		{CC99EB47-7231-4067-8717-C6BF4ABDE338}.ContentPackage|Windows64.Build.0 = Release|x64
		{CC99EB47-7231-4067-8717-C6BF4ABDE338}.ContentPackage|Xbox 360.ActiveCfg = Release|x64
		{CC99EB47-7231-4067-8717-C6BF4ABDE338}.ContentPackage|Xbox 360.Build.0 = Release|x64
		{CC99EB47-7231-4067-8717-C6BF4ABDE338}.Debug|Durango.ActiveCfg = Debug|x64
		{CC99EB47-7231-4067-8717-C6BF4ABDE338}.Debug|Durango.Build.0 = Debug|x64
		{CC99EB47-7231-4067-8717-C6BF4ABDE338}.Debug|ORBIS.ActiveCfg = Debug|x64
		{CC99EB47-7231-4067-8717-C6BF4ABDE338}.Debug|ORBIS.Build.0 = Debug|x64
		{CC99EB47-7231-4067-8717-C6BF4ABDE338}.Debug|PS3.ActiveCfg = Debug|x64
		{CC99EB47-7231-4067-8717-C6BF4ABDE338}.Debug|PS3.Build.0 = Debug|x64
		{CC99EB47-7231-4067-8717-C6BF4ABDE338}.Debug|PSVita.ActiveCfg = Debug|x64
		{CC99EB47-7231-4067-8717-C6BF4ABDE338}.Debug|PSVita.Build.0 = Debug|x64
		{CC99EB47-7231-4067-8717-C6BF4ABDE338}.Debug|Windows64.ActiveCfg = Debug|x64
		{CC99EB47-7231-4067-8717-C6BF4ABDE338}.Debug|Windows64.Build.0 = Debug|x64
		{CC99EB47-7231-4067-8717-C6BF4ABDE338}.Debug|Xbox 360.ActiveCfg = Debug|x64
		{CC99EB47-7231-4067-8717-C6BF4ABDE338}.Debug|Xbox 360.Build.0 = Debug|x64
		{CC99EB47-7231-4067-8717-C6BF4ABDE338}.Release|Durango.ActiveCfg = Release|x64
		{CC99EB47-7231-4067-8717-C6BF4ABDE338}.Release|Durango.Build.0 = Release|x64
		{CC99EB47-7231-4067-8717-C6BF4ABDE338}.Release|ORBIS.ActiveCfg = Release|x64
		{CC99EB47-7231-4067-8717-C6BF4ABDE338}.Release|ORBIS.Build.0 = Release|x64
		{CC99EB47-7231-4067-8717-C6BF4ABDE338}.Release|PS3.ActiveCfg = Release|x64
		{CC99EB47-7231-4067-8717-C6BF4ABDE338}.Release|PS3.Build.0 = Release|x64
		{CC99EB47-7231-4067-8717-C6BF4ABDE338}.Release|PSVita.ActiveCfg = Release|x64
		{CC99EB47-7231-4067-8717-C6BF4ABDE338}.Release|PSVita.Build.0 = Release|x64
		{CC99EB47-7231-4067-8717-C6BF4ABDE338}.Release|Windows64.ActiveCfg = Release|x64
		{CC99EB47-7231-4067-8717-C6BF4ABDE338}.Release|Windows64.Build.0 = Release|x64
		{CC99EB47-7231-4067-8717-C6BF4ABDE338}.Release|Xbox 360.ActiveCfg = Release|x64
		{CC99EB47-7231-4067-8717-C6BF4ABDE338}.Release|Xbox 360.Build.0 = Release|x64
		{CC99EB47-7231-4067-8717-C6BF4ABDE338}.ReleaseForArt|Durango.ActiveCfg = Release|x64
		{CC99EB47-7231-4067-8717-C6BF4ABDE338}.ReleaseForArt|Durango.Build.0 = Release|x64
		{CC99EB47-7231-4067-8717-C6BF4ABDE338}.ReleaseForArt|ORBIS.ActiveCfg = Release|x64
		{CC99EB47-7231-4067-8717-C6BF4ABDE338}.ReleaseForArt|ORBIS.Build.0 = Release|x64
		{CC99EB47-7231-4067-8717-C6BF4ABDE338}.ReleaseForArt|PS3.ActiveCfg = Release|x64
		{CC99EB47-7231-4067-8717-C6BF4ABDE338}.ReleaseForArt|PS3.Build.0 = Release|x64
		{CC99EB47-7231-4067-8717-C6BF4ABDE338}.ReleaseForArt|PSVita.ActiveCfg = Release|x64
		{CC99EB47-7231-4067-8717-C6BF4ABDE338}.ReleaseForArt|PSVita.Build.0 = Release|x64
		{CC99EB47-7231-4067-8717-C6BF4ABDE338}.ReleaseForArt|Windows64.ActiveCfg = Release|x64
		{CC99EB47-7231-4067-8717-C6BF4ABDE338}.ReleaseForArt|Windows64.Build.0 = Release|x64
		{CC99EB47-7231-4067-8717-C6BF4ABDE338}.ReleaseForArt|Xbox 360.ActiveCfg = Release|x64
		{CC99EB47-7231-4067-8717-C6BF4ABDE338}.ReleaseForArt|Xbox 360.Build.0 = Release|x64
		{D68297B9-CA86-4A8C-B81F-61811D7F96B8}.ContentPackage_NO_TU|Durango.ActiveCfg = Release|x64
		{D68297B9-CA86-4A8C-B81F-61811D7F96B8}.ContentPackage_NO_TU|Durango.Build.0 = Release|x64
		{D68297B9-CA86-4A8C-B81F-61811D7F96B8}.ContentPackage_NO_TU|ORBIS.ActiveCfg = Release|x64
		{D68297B9-CA86-4A8C-B81F-61811D7F96B8}.ContentPackage_NO_TU|ORBIS.Build.0 = Release|x64
		{D68297B9-CA86-4A8C-B81F-61811D7F96B8}.ContentPackage_NO_TU|PS3.ActiveCfg = Release|x64
		{D68297B9-CA86-4A8C-B81F-61811D7F96B8}.ContentPackage_NO_TU|PS3.Build.0 = Release|x64
		{D68297B9-CA86-4A8C-B81F-61811D7F96B8}.ContentPackage_NO_TU|PSVita.ActiveCfg = Release|x64
		{D68297B9-CA86-4A8C-B81F-61811D7F96B8}.ContentPackage_NO_TU|PSVita.Build.0 = Release|x64
		{D68297B9-CA86-4A8C-B81F-61811D7F96B8}.ContentPackage_NO_TU|Windows64.ActiveCfg = Release|x64
		{D68297B9-CA86-4A8C-B81F-61811D7F96B8}.ContentPackage_NO_TU|Windows64.Build.0 = Release|x64
		{D68297B9-CA86-4A8C-B81F-61811D7F96B8}.ContentPackage_NO_TU|Xbox 360.ActiveCfg = Release|x64
		{D68297B9-CA86-4A8C-B81F-61811D7F96B8}.ContentPackage_NO_TU|Xbox 360.Build.0 = Release|x64
		{D68297B9-CA86-4A8C-B81F-61811D7F96B8}.CONTENTPACKAGE_SYMBOLS|Durango.ActiveCfg = Release|x64
		{D68297B9-CA86-4A8C-B81F-61811D7F96B8}.CONTENTPACKAGE_SYMBOLS|Durango.Build.0 = Release|x64
		{D68297B9-CA86-4A8C-B81F-61811D7F96B8}.CONTENTPACKAGE_SYMBOLS|ORBIS.ActiveCfg = Release|x64
		{D68297B9-CA86-4A8C-B81F-61811D7F96B8}.CONTENTPACKAGE_SYMBOLS|ORBIS.Build.0 = Release|x64
		{D68297B9-CA86-4A8C-B81F-61811D7F96B8}.CONTENTPACKAGE_SYMBOLS|PS3.ActiveCfg = Release|x64
		{D68297B9-CA86-4A8C-B81F-61811D7F96B8}.CONTENTPACKAGE_SYMBOLS|PS3.Build.0 = Release|x64
		{D68297B9-CA86-4A8C-B81F-61811D7F96B8}.CONTENTPACKAGE_SYMBOLS|PSVita.ActiveCfg = Release|x64
		{D68297B9-CA86-4A8C-B81F-61811D7F96B8}.CONTENTPACKAGE_SYMBOLS|PSVita.Build.0 = Release|x64
		{D68297B9-CA86-4A8C-B81F-61811D7F96B8}.CONTENTPACKAGE_SYMBOLS|Windows64.ActiveCfg = Release|x64
		{D68297B9-CA86-4A8C-B81F-61811D7F96B8}.CONTENTPACKAGE_SYMBOLS|Windows64.Build.0 = Release|x64
		{D68297B9-CA86-4A8C-B81F-61811D7F96B8}.CONTENTPACKAGE_SYMBOLS|Xbox 360.ActiveCfg = Release|x64
		{D68297B9-CA86-4A8C-B81F-61811D7F96B8}.CONTENTPACKAGE_SYMBOLS|Xbox 360.Build.0 = Release|x64
		{D68297B9-CA86-4A8C-B81F-61811D7F96B8}.ContentPackage|Durango.ActiveCfg = Release|x64
		{D68297B9-CA86-4A8C-B81F-61811D7F96B8}.ContentPackage|Durango.Build.0 = Release|x64
		{D68297B9-CA86-4A8C-B81F-61811D7F96B8}.ContentPackage|ORBIS.ActiveCfg = Release|x64
		{D68297B9-CA86-4A8C-B81F-61811D7F96B8}.ContentPackage|ORBIS.Build.0 = Release|x64
		{D68297B9-CA86-4A8C-B81F-61811D7F96B8}.ContentPackage|PS3.ActiveCfg = Release|x64
		{D68297B9-CA86-4A8C-B81F-61811D7F96B8}.ContentPackage|PS3.Build.0 = Release|x64
		{D68297B9-CA86-4A8C-B81F-61811D7F96B8}.ContentPackage|PSVita.ActiveCfg = Release|x64
		{D68297B9-CA86-4A8C-B81F-61811D7F96B8}.ContentPackage|PSVita.Build.0 = Release|x64
		{D68297B9-CA86-4A8C-B81F-61811D7F96B8}.ContentPackage|Windows64.ActiveCfg = Release|x64
		{D68297B9-CA86-4A8C-B81F-61811D7F96B8}.ContentPackage|Windows64.Build.0 = Release|x64
		{D68297B9-CA86-4A8C-B81F-61811D7F96B8}.ContentPackage|Xbox 360.ActiveCfg = Release|x64
		{D68297B9-CA86-4A8C-B81F-61811D7F96B8}.ContentPackage|Xbox 360.Build.0 = Release|x64
		{D68297B9-CA86-4A8C-B81F-61811D7F96B8}.Debug|Durango.ActiveCfg = Debug|x64
		{D68297B9-CA86-4A8C-B81F-61811D7F96B8}.Debug|Durango.Build.0 = Debug|x64
		{D68297B9-CA86-4A8C-B81F-61811D7F96B8}.Debug|ORBIS.ActiveCfg = Debug|x64
		{D68297B9-CA86-4A8C-B81F-61811D7F96B8}.Debug|ORBIS.Build.0 = Debug|x64
		{D68297B9-CA86-4A8C-B81F-61811D7F96B8}.Debug|PS3.ActiveCfg = Debug|x64
		{D68297B9-CA86-4A8C-B81F-61811D7F96B8}.Debug|PS3.Build.0 = Debug|x64
		{D68297B9-CA86-4A8C-B81F-61811D7F96B8}.Debug|PSVita.ActiveCfg = Debug|x64
		{D68297B9-CA86-4A8C-B81F-61811D7F96B8}.Debug|PSVita.Build.0 = Debug|x64
		{D68297B9-CA86-4A8C-B81F-61811D7F96B8}.Debug|Windows64.ActiveCfg = Debug|x64
		{D68297B9-CA86-4A8C-B81F-61811D7F96B8}.Debug|Windows64.Build.0 = Debug|x64
		{D68297B9-CA86-4A8C-B81F-61811D7F96B8}.Debug|Xbox 360.ActiveCfg = Debug|x64
		{D68297B9-CA86-4A8C-B81F-61811D7F96B8}.Debug|Xbox 360.Build.0 = Debug|x64
		{D68297B9-CA86-4A8C-B81F-61811D7F96B8}.Release|Durango.ActiveCfg = Release|x64
		{D68297B9-CA86-4A8C-B81F-61811D7F96B8}.Release|Durango.Build.0 = Release|x64
		{D68297B9-CA86-4A8C-B81F-61811D7F96B8}.Release|ORBIS.ActiveCfg = Release|x64
		{D68297B9-CA86-4A8C-B81F-61811D7F96B8}.Release|ORBIS.Build.0 = Release|x64
		{D68297B9-CA86-4A8C-B81F-61811D7F96B8}.Release|PS3.ActiveCfg = Release|x64
		{D68297B9-CA86-4A8C-B81F-61811D7F96B8}.Release|PS3.Build.0 = Release|x64
		{D68297B9-CA86-4A8C-B81F-61811D7F96B8}.Release|PSVita.ActiveCfg = Release|x64
		{D68297B9-CA86-4A8C-B81F-61811D7F96B8}.Release|PSVita.Build.0 = Release|x64
		{D68297B9-CA86-4A8C-B81F-61811D7F96B8}.Release|Windows64.ActiveCfg = Release|x64
		{D68297B9-CA86-4A8C-B81F-61811D7F96B8}.Release|Windows64.Build.0 = Release|x64
		{D68297B9-CA86-4A8C-B81F-61811D7F96B8}.Release|Xbox 360.ActiveCfg = Release|x64
		{D68297B9-CA86-4A8C-B81F-61811D7F96B8}.Release|Xbox 360.Build.0 = Release|x64
		{D68297B9-CA86-4A8C-B81F-61811D7F96B8}.ReleaseForArt|Durango.ActiveCfg = Release|x64
		{D68297B9-CA86-4A8C-B81F-61811D7F96B8}.ReleaseForArt|Durango.Build.0 = Release|x64
		{D68297B9-CA86-4A8C-B81F-61811D7F96B8}.ReleaseForArt|ORBIS.ActiveCfg = Release|x64
		{D68297B9-CA86-4A8C-B81F-61811D7F96B8}.ReleaseForArt|ORBIS.Build.0 = Release|x64
		{D68297B9-CA86-4A8C-B81F-61811D7F96B8}.ReleaseForArt|PS3.ActiveCfg = Release|x64
		{D68297B9-CA86-4A8C-B81F-61811D7F96B8}.ReleaseForArt|PS3.Build.0 = Release|x64
		{D68297B9-CA86-4A8C-B81F-61811D7F96B8}.ReleaseForArt|PSVita.ActiveCfg = Release|x64
		{D68297B9-CA86-4A8C-B81F-61811D7F96B8}.ReleaseForArt|PSVita.Build.0 = Release|x64
		{D68297B9-CA86-4A8C-B81F-61811D7F96B8}.ReleaseForArt|Windows64.ActiveCfg = Release|x64
		{D68297B9-CA86-4A8C-B81F-61811D7F96B8}.ReleaseForArt|Windows64.Build.0 = Release|x64
		{D68297B9-CA86-4A8C-B81F-61811D7F96B8}.ReleaseForArt|Xbox 360.ActiveCfg = Release|x64
		{D68297B9-CA86-4A8C-B81F-61811D7F96B8}.ReleaseForArt|Xbox 360.Build.0 = Release|x64
		{1B9A8C38-DD48-448C-AA24-E1A35E0089A3}.ContentPackage_NO_TU|Durango.ActiveCfg = ContentPackage_NO_TU|x64
		{1B9A8C38-DD48-448C-AA24-E1A35E0089A3}.ContentPackage_NO_TU|ORBIS.ActiveCfg = ContentPackage_NO_TU|x64
		{1B9A8C38-DD48-448C-AA24-E1A35E0089A3}.ContentPackage_NO_TU|PS3.ActiveCfg = ContentPackage_NO_TU|x64
		{1B9A8C38-DD48-448C-AA24-E1A35E0089A3}.ContentPackage_NO_TU|PSVita.ActiveCfg = ContentPackage_NO_TU|x64
		{1B9A8C38-DD48-448C-AA24-E1A35E0089A3}.ContentPackage_NO_TU|Windows64.ActiveCfg = ContentPackage_NO_TU|x64
		{1B9A8C38-DD48-448C-AA24-E1A35E0089A3}.ContentPackage_NO_TU|Xbox 360.ActiveCfg = ContentPackage_NO_TU|x64
		{1B9A8C38-DD48-448C-AA24-E1A35E0089A3}.CONTENTPACKAGE_SYMBOLS|Durango.ActiveCfg = CONTENTPACKAGE_SYMBOLS|x64
		{1B9A8C38-DD48-448C-AA24-E1A35E0089A3}.CONTENTPACKAGE_SYMBOLS|ORBIS.ActiveCfg = CONTENTPACKAGE_SYMBOLS|x64
		{1B9A8C38-DD48-448C-AA24-E1A35E0089A3}.CONTENTPACKAGE_SYMBOLS|PS3.ActiveCfg = CONTENTPACKAGE_SYMBOLS|x64
		{1B9A8C38-DD48-448C-AA24-E1A35E0089A3}.CONTENTPACKAGE_SYMBOLS|PSVita.ActiveCfg = CONTENTPACKAGE_SYMBOLS|x64
		{1B9A8C38-DD48-448C-AA24-E1A35E0089A3}.CONTENTPACKAGE_SYMBOLS|Windows64.ActiveCfg = CONTENTPACKAGE_SYMBOLS|x64
		{1B9A8C38-DD48-448C-AA24-E1A35E0089A3}.CONTENTPACKAGE_SYMBOLS|Xbox 360.ActiveCfg = CONTENTPACKAGE_SYMBOLS|x64
		{1B9A8C38-DD48-448C-AA24-E1A35E0089A3}.ContentPackage|Durango.ActiveCfg = ContentPackage|x64
		{1B9A8C38-DD48-448C-AA24-E1A35E0089A3}.ContentPackage|ORBIS.ActiveCfg = ContentPackage|x64
		{1B9A8C38-DD48-448C-AA24-E1A35E0089A3}.ContentPackage|PS3.ActiveCfg = ContentPackage|x64
		{1B9A8C38-DD48-448C-AA24-E1A35E0089A3}.ContentPackage|PSVita.ActiveCfg = ContentPackage|x64
		{1B9A8C38-DD48-448C-AA24-E1A35E0089A3}.ContentPackage|Windows64.ActiveCfg = ContentPackage|x64
		{1B9A8C38-DD48-448C-AA24-E1A35E0089A3}.ContentPackage|Xbox 360.ActiveCfg = ContentPackage|x64
		{1B9A8C38-DD48-448C-AA24-E1A35E0089A3}.Debug|Durango.ActiveCfg = Debug|x64
		{1B9A8C38-DD48-448C-AA24-E1A35E0089A3}.Debug|ORBIS.ActiveCfg = Debug|x64
		{1B9A8C38-DD48-448C-AA24-E1A35E0089A3}.Debug|PS3.ActiveCfg = Debug|x64
		{1B9A8C38-DD48-448C-AA24-E1A35E0089A3}.Debug|PSVita.ActiveCfg = Debug|x64
		{1B9A8C38-DD48-448C-AA24-E1A35E0089A3}.Debug|Windows64.ActiveCfg = Debug|x64
		{1B9A8C38-DD48-448C-AA24-E1A35E0089A3}.Debug|Windows64.Build.0 = Debug|x64
		{1B9A8C38-DD48-448C-AA24-E1A35E0089A3}.Debug|Xbox 360.ActiveCfg = Debug|x64
		{1B9A8C38-DD48-448C-AA24-E1A35E0089A3}.Release|Durango.ActiveCfg = Release|x64
		{1B9A8C38-DD48-448C-AA24-E1A35E0089A3}.Release|ORBIS.ActiveCfg = Release|x64
		{1B9A8C38-DD48-448C-AA24-E1A35E0089A3}.Release|PS3.ActiveCfg = Release|x64
		{1B9A8C38-DD48-448C-AA24-E1A35E0089A3}.Release|PSVita.ActiveCfg = Release|x64
		{1B9A8C38-DD48-448C-AA24-E1A35E0089A3}.Release|Windows64.ActiveCfg = Release|x64
		{1B9A8C38-DD48-448C-AA24-E1A35E0089A3}.Release|Windows64.Build.0 = Release|x64
		{1B9A8C38-DD48-448C-AA24-E1A35E0089A3}.Release|Windows64.Deploy.0 = Release|x64
		{1B9A8C38-DD48-448C-AA24-E1A35E0089A3}.Release|Xbox 360.ActiveCfg = Release|x64
		{1B9A8C38-DD48-448C-AA24-E1A35E0089A3}.ReleaseForArt|Durango.ActiveCfg = ReleaseForArt|x64
		{1B9A8C38-DD48-448C-AA24-E1A35E0089A3}.ReleaseForArt|ORBIS.ActiveCfg = ReleaseForArt|x64
		{1B9A8C38-DD48-448C-AA24-E1A35E0089A3}.ReleaseForArt|PS3.ActiveCfg = ReleaseForArt|x64
		{1B9A8C38-DD48-448C-AA24-E1A35E0089A3}.ReleaseForArt|PSVita.ActiveCfg = ReleaseForArt|x64
		{1B9A8C38-DD48-448C-AA24-E1A35E0089A3}.ReleaseForArt|Windows64.ActiveCfg = ReleaseForArt|x64
		{1B9A8C38-DD48-448C-AA24-E1A35E0089A3}.ReleaseForArt|Xbox 360.ActiveCfg = ReleaseForArt|x64
		{A7B8E9C1-2D3F-4E5A-8B9C-1D2E3F4A5B6C}.ContentPackage_NO_TU|Durango.ActiveCfg = Release|x64
		{A7B8E9C1-2D3F-4E5A-8B9C-1D2E3F4A5B6C}.ContentPackage_NO_TU|Durango.Build.0 = Release|x64
		{A7B8E9C1-2D3F-4E5A-8B9C-1D2E3F4A5B6C}.ContentPackage_NO_TU|ORBIS.ActiveCfg = Release|x64
		{A7B8E9C1-2D3F-4E5A-8B9C-1D2E3F4A5B6C}.ContentPackage_NO_TU|ORBIS.Build.0 = Release|x64
		{A7B8E9C1-2D3F-4E5A-8B9C-1D2E3F4A5B6C}.ContentPackage_NO_TU|PS3.ActiveCfg = Release|x64
		{A7B8E9C1-2D3F-4E5A-8B9C-1D2E3F4A5B6C}.ContentPackage_NO_TU|PS3.Build.0 = Release|x64
		{A7B8E9C1-2D3F-4E5A-8B9C-1D2E3F4A5B6C}.ContentPackage_NO_TU|PSVita.ActiveCfg = Release|x64
		{A7B8E9C1-2D3F-4E5A-8B9C-1D2E3F4A5B6C}.ContentPackage_NO_TU|PSVita.Build.0 = Release|x64
		{A7B8E9C1-2D3F-4E5A-8B9C-1D2E3F4A5B6C}.ContentPackage_NO_TU|Windows64.ActiveCfg = Release|x64
		{A7B8E9C1-2D3F-4E5A-8B9C-1D2E3F4A5B6C}.ContentPackage_NO_TU|Windows64.Build.0 = Release|x64
		{A7B8E9C1-2D3F-4E5A-8B9C-1D2E3F4A5B6C}.ContentPackage_NO_TU|Xbox 360.ActiveCfg = Release|x64
		{A7B8E9C1-2D3F-4E5A-8B9C-1D2E3F4A5B6C}.ContentPackage_NO_TU|Xbox 360.Build.0 = Release|x64
		{A7B8E9C1-2D3F-4E5A-8B9C-1D2E3F4A5B6C}.CONTENTPACKAGE_SYMBOLS|Durango.ActiveCfg = Release|x64
		{A7B8E9C1-2D3F-4E5A-8B9C-1D2E3F4A5B6C}.CONTENTPACKAGE_SYMBOLS|Durango.Build.0 = Release|x64
		{A7B8E9C1-2D3F-4E5A-8B9C-1D2E3F4A5B6C}.CONTENTPACKAGE_SYMBOLS|ORBIS.ActiveCfg = Release|x64
		{A7B8E9C1-2D3F-4E5A-8B9C-1D2E3F4A5B6C}.CONTENTPACKAGE_SYMBOLS|ORBIS.Build.0 = Release|x64
		{A7B8E9C1-2D3F-4E5A-8B9C-1D2E3F4A5B6C}.CONTENTPACKAGE_SYMBOLS|PS3.ActiveCfg = Release|x64
		{A7B8E9C1-2D3F-4E5A-8B9C-1D2E3F4A5B6C}.CONTENTPACKAGE_SYMBOLS|PS3.Build.0 = Release|x64
		{A7B8E9C1-2D3F-4E5A-8B9C-1D2E3F4A5B6C}.CONTENTPACKAGE_SYMBOLS|PSVita.ActiveCfg = Release|x64
		{A7B8E9C1-2D3F-4E5A-8B9C-1D2E3F4A5B6C}.CONTENTPACKAGE_SYMBOLS|PSVita.Build.0 = Release|x64
		{A7B8E9C1-2D3F-4E5A-8B9C-1D2E3F4A5B6C}.CONTENTPACKAGE_SYMBOLS|Windows64.ActiveCfg = Release|x64
		{A7B8E9C1-2D3F-4E5A-8B9C-1D2E3F4A5B6C}.CONTENTPACKAGE_SYMBOLS|Windows64.Build.0 = Release|x64
		{A7B8E9C1-2D3F-4E5A-8B9C-1D2E3F4A5B6C}.CONTENTPACKAGE_SYMBOLS|Xbox 360.ActiveCfg = Release|x64
		{A7B8E9C1-2D3F-4E5A-8B9C-1D2E3F4A5B6C}.CONTENTPACKAGE_SYMBOLS|Xbox 360.Build.0 = Release|x64
		{A7B8E9C1-2D3F-4E5A-8B9C-1D2E3F4A5B6C}.ContentPackage|Durango.ActiveCfg = Release|x64
		{A7B8E9C1-2D3F-4E5A-8B9C-1D2E3F4A5B6C}.ContentPackage|Durango.Build.0 = Release|x64
		{A7B8E9C1-2D3F-4E5A-8B9C-1D2E3F4A5B6C}.ContentPackage|ORBIS.ActiveCfg = Release|x64
		{A7B8E9C1-2D3F-4E5A-8B9C-1D2E3F4A5B6C}.ContentPackage|ORBIS.Build.0 = Release|x64
		{A7B8E9C1-2D3F-4E5A-8B9C-1D2E3F4A5B6C}.ContentPackage|PS3.ActiveCfg = Release|x64
		{A7B8E9C1-2D3F-4E5A-8B9C-1D2E3F4A5B6C}.ContentPackage|PS3.Build.0 = Release|x64
		{A7B8E9C1-2D3F-4E5A-8B9C-1D2E3F4A5B6C}.ContentPackage|PSVita.ActiveCfg = Release|x64
		{A7B8E9C1-2D3F-4E5A-8B9C-1D2E3F4A5B6C}.ContentPackage|PSVita.Build.0 = Release|x64
		{A7B8E9C1-2D3F-4E5A-8B9C-1D2E3F4A5B6C}.ContentPackage|Windows64.ActiveCfg = Release|x64
		{A7B8E9C1-2D3F-4E5A-8B9C-1D2E3F4A5B6C}.ContentPackage|Windows64.Build.0 = Release|x64
		{A7B8E9C1-2D3F-4E5A-8B9C-1D2E3F4A5B6C}.ContentPackage|Xbox 360.ActiveCfg = Release|x64
		{A7B8E9C1-2D3F-4E5A-8B9C-1D2E3F4A5B6C}.ContentPackage|Xbox 360.Build.0 = Release|x64
		{A7B8E9C1-2D3F-4E5A-8B9C-1D2E3F4A5B6C}.Debug|Durango.ActiveCfg = Debug|x64
		{A7B8E9C1-2D3F-4E5A-8B9C-1D2E3F4A5B6C}.Debug|ORBIS.ActiveCfg = Debug|x64
		{A7B8E9C1-2D3F-4E5A-8B9C-1D2E3F4A5B6C}.Debug|PS3.ActiveCfg = Debug|x64
		{A7B8E9C1-2D3F-4E5A-8B9C-1D2E3F4A5B6C}.Debug|PSVita.ActiveCfg = Debug|x64
		{A7B8E9C1-2D3F-4E5A-8B9C-1D2E3F4A5B6C}.Debug|Windows64.ActiveCfg = Debug|x64
		{A7B8E9C1-2D3F-4E5A-8B9C-1D2E3F4A5B6C}.Debug|Windows64.Build.0 = Debug|x64
		{A7B8E9C1-2D3F-4E5A-8B9C-1D2E3F4A5B6C}.Debug|Xbox 360.ActiveCfg = Debug|x64
		{A7B8E9C1-2D3F-4E5A-8B9C-1D2E3F4A5B6C}.Release|Durango.ActiveCfg = Release|x64
		{A7B8E9C1-2D3F-4E5A-8B9C-1D2E3F4A5B6C}.Release|ORBIS.ActiveCfg = Release|x64
		{A7B8E9C1-2D3F-4E5A-8B9C-1D2E3F4A5B6C}.Release|PS3.ActiveCfg = Release|x64
		{A7B8E9C1-2D3F-4E5A-8B9C-1D2E3F4A5B6C}.Release|PSVita.ActiveCfg = Release|x64
		{A7B8E9C1-2D3F-4E5A-8B9C-1D2E3F4A5B6C}.Release|Windows64.ActiveCfg = Release|x64
		{A7B8E9C1-2D3F-4E5A-8B9C-1D2E3F4A5B6C}.Release|Windows64.Build.0 = Release|x64
		{A7B8E9C1-2D3F-4E5A-8B9C-1D2E3F4A5B6C}.Release|Xbox 360.ActiveCfg = Release|x64
		{A7B8E9C1-2D3F-4E5A-8B9C-1D2E3F4A5B6C}.ReleaseForArt|Durango.ActiveCfg = Release|x64
		{A7B8E9C1-2D3F-4E5A-8B9C-1D2E3F4A5B6C}.ReleaseForArt|Durango.Build.0 = Release|x64
		{A7B8E9C1-2D3F-4E5A-8B9C-1D2E3F4A5B6C}.ReleaseForArt|ORBIS.ActiveCfg = Release|x64
		{A7B8E9C1-2D3F-4E5A-8B9C-1D2E3F4A5B6C}.ReleaseForArt|ORBIS.Build.0 = Release|x64
		{A7B8E9C1-2D3F-4E5A-8B9C-1D2E3F4A5B6C}.ReleaseForArt|PS3.ActiveCfg = Release|x64
		{A7B8E9C1-2D3F-4E5A-8B9C-1D2E3F4A5B6C}.ReleaseForArt|PS3.Build.0 = Release|x64
		{A7B8E9C1-2D3F-4E5A-8B9C-1D2E3F4A5B6C}.ReleaseForArt|PSVita.ActiveCfg = Release|x64
		{A7B8E9C1-2D3F-4E5A-8B9C-1D2E3F4A5B6C}.ReleaseForArt|PSVita.Build.0 = Release|x64
		{A7B8E9C1-2D3F-4E5A-8B9C-1D2E3F4A5B6C}.ReleaseForArt|Windows64.ActiveCfg = Release|x64
		{A7B8E9C1-2D3F-4E5A-8B9C-1D2E3F4A5B6C}.ReleaseForArt|Windows64.Build.0 = Release|x64
		{A7B8E9C1-2D3F-4E5A-8B9C-1D2E3F4A5B6C}.ReleaseForArt|Xbox 360.ActiveCfg = Release|x64
		{A7B8E9C1-2D3F-4E5A-8B9C-1D2E3F4A5B6C}.ReleaseForArt|Xbox 360.Build.0 = Release|x64
	EndGlobalSection
	GlobalSection(SolutionProperties) = preSolution
		HideSolutionNode = FALSE
	EndGlobalSection
EndGlobal
